// !$*UTF8*$!
{
	archiveVersion = 1;
	classes = {
	};
	objectVersion = 46;
	objects = {

/* Begin PBXBuildFile section */
		3D0F55211478C39900B9D36D /* GCDAsyncSocket.m in Sources */ = {isa = PBXBuildFile; fileRef = 3D0F55201478C39900B9D36D /* GCDAsyncSocket.m */; };
		3D0F552D1478C3A200B9D36D /* DDAbstractDatabaseLogger.m in Sources */ = {isa = PBXBuildFile; fileRef = 3D0F55241478C3A200B9D36D /* DDAbstractDatabaseLogger.m */; };
		3D0F552E1478C3A200B9D36D /* DDASLLogger.m in Sources */ = {isa = PBXBuildFile; fileRef = 3D0F55261478C3A200B9D36D /* DDASLLogger.m */; };
		3D0F552F1478C3A200B9D36D /* DDFileLogger.m in Sources */ = {isa = PBXBuildFile; fileRef = 3D0F55281478C3A200B9D36D /* DDFileLogger.m */; };
		3D0F55301478C3A200B9D36D /* DDLog.m in Sources */ = {isa = PBXBuildFile; fileRef = 3D0F552A1478C3A200B9D36D /* DDLog.m */; };
		3D0F55311478C3A200B9D36D /* DDTTYLogger.m in Sources */ = {isa = PBXBuildFile; fileRef = 3D0F552C1478C3A200B9D36D /* DDTTYLogger.m */; };
		3D12D16A13F7A4BD005C192A /* Preferences.xib in Resources */ = {isa = PBXBuildFile; fileRef = 3D12D16913F7A4BD005C192A /* Preferences.xib */; };
		3D12D16F13F85AF2005C192A /* Server.m in Sources */ = {isa = PBXBuildFile; fileRef = 3D12D16E13F85AF2005C192A /* Server.m */; };
		3D28899D13C1653100F137BC /* Cocoa.framework in Frameworks */ = {isa = PBXBuildFile; fileRef = 3D28899C13C1653100F137BC /* Cocoa.framework */; };
		3D2889A713C1653100F137BC /* InfoPlist.strings in Resources */ = {isa = PBXBuildFile; fileRef = 3D2889A513C1653100F137BC /* InfoPlist.strings */; };
		3D2889AA13C1653100F137BC /* main.m in Sources */ = {isa = PBXBuildFile; fileRef = 3D2889A913C1653100F137BC /* main.m */; };
		3D2889AD13C1653100F137BC /* Credits.rtf in Resources */ = {isa = PBXBuildFile; fileRef = 3D2889AB13C1653100F137BC /* Credits.rtf */; };
		3D2889B013C1653100F137BC /* erkAppDelegate.m in Sources */ = {isa = PBXBuildFile; fileRef = 3D2889AF13C1653100F137BC /* erkAppDelegate.m */; };
		3D2889B313C1653100F137BC /* MainMenu.xib in Resources */ = {isa = PBXBuildFile; fileRef = 3D2889B113C1653100F137BC /* MainMenu.xib */; };
		3D2889BA13C1653100F137BC /* Cocoa.framework in Frameworks */ = {isa = PBXBuildFile; fileRef = 3D28899C13C1653100F137BC /* Cocoa.framework */; };
		3D2889C213C1653200F137BC /* InfoPlist.strings in Resources */ = {isa = PBXBuildFile; fileRef = 3D2889C013C1653200F137BC /* InfoPlist.strings */; };
		3D2889C513C1653200F137BC /* erkTests.h in Resources */ = {isa = PBXBuildFile; fileRef = 3D2889C413C1653200F137BC /* erkTests.h */; };
		3D2889C713C1653200F137BC /* erkTests.m in Sources */ = {isa = PBXBuildFile; fileRef = 3D2889C613C1653200F137BC /* erkTests.m */; };
		3D2889D113C1656700F137BC /* QuartzCore.framework in Frameworks */ = {isa = PBXBuildFile; fileRef = 3D2889D013C1656700F137BC /* QuartzCore.framework */; };
		3D2889D313C1656E00F137BC /* ApplicationServices.framework in Frameworks */ = {isa = PBXBuildFile; fileRef = 3D2889D213C1656E00F137BC /* ApplicationServices.framework */; };
		3D288A7B13C166BD00F137BC /* MainView.m in Sources */ = {isa = PBXBuildFile; fileRef = 3D288A7613C166BD00F137BC /* MainView.m */; };
		3D288A7D13C166BD00F137BC /* MainTableViewCell.m in Sources */ = {isa = PBXBuildFile; fileRef = 3D288A7A13C166BD00F137BC /* MainTableViewCell.m */; };
		3D288AA413C16F7B00F137BC /* ChannelList.m in Sources */ = {isa = PBXBuildFile; fileRef = 3D288AA313C16F7B00F137BC /* ChannelList.m */; };
		3D288AA813C1738400F137BC /* UserList.m in Sources */ = {isa = PBXBuildFile; fileRef = 3D288AA713C1738400F137BC /* UserList.m */; };
		3D288ABD13C17BC900F137BC /* MessageList.m in Sources */ = {isa = PBXBuildFile; fileRef = 3D288ABC13C17BC900F137BC /* MessageList.m */; };
		3D288AC613C1894700F137BC /* IrcConnection.m in Sources */ = {isa = PBXBuildFile; fileRef = 3D288AC513C1894600F137BC /* IrcConnection.m */; };
		3D288ADD13C18AF100F137BC /* Security.framework in Frameworks */ = {isa = PBXBuildFile; fileRef = 3D288ADC13C18AF100F137BC /* Security.framework */; };
		3D288AE813C198BD00F137BC /* Message.m in Sources */ = {isa = PBXBuildFile; fileRef = 3D288AE713C198BD00F137BC /* Message.m */; };
		3D288AFD13C22FB100F137BC /* MessageToolbar.m in Sources */ = {isa = PBXBuildFile; fileRef = 3D288AFC13C22FB000F137BC /* MessageToolbar.m */; };
		3D36EA461478BF68001E5D30 /* ABActiveRange.m in Sources */ = {isa = PBXBuildFile; fileRef = 3D36E9DD1478BF68001E5D30 /* ABActiveRange.m */; };
		3D36EA471478BF68001E5D30 /* CoreText+Additions.m in Sources */ = {isa = PBXBuildFile; fileRef = 3D36E9DF1478BF68001E5D30 /* CoreText+Additions.m */; };
		3D36EA481478BF68001E5D30 /* TUIAccessibility.m in Sources */ = {isa = PBXBuildFile; fileRef = 3D36E9E21478BF68001E5D30 /* TUIAccessibility.m */; };
		3D36EA491478BF68001E5D30 /* TUIAccessibilityElement.m in Sources */ = {isa = PBXBuildFile; fileRef = 3D36E9E41478BF68001E5D30 /* TUIAccessibilityElement.m */; };
		3D36EA4A1478BF68001E5D30 /* TUIActivityIndicatorView.m in Sources */ = {isa = PBXBuildFile; fileRef = 3D36E9E61478BF68001E5D30 /* TUIActivityIndicatorView.m */; };
		3D36EA4B1478BF68001E5D30 /* TUIAttributedString.m in Sources */ = {isa = PBXBuildFile; fileRef = 3D36E9E81478BF68001E5D30 /* TUIAttributedString.m */; };
		3D36EA4C1478BF68001E5D30 /* TUIButton+Accessibility.m in Sources */ = {isa = PBXBuildFile; fileRef = 3D36E9EA1478BF68001E5D30 /* TUIButton+Accessibility.m */; };
		3D36EA4D1478BF68001E5D30 /* TUIButton+Content.m in Sources */ = {isa = PBXBuildFile; fileRef = 3D36E9EB1478BF68001E5D30 /* TUIButton+Content.m */; };
		3D36EA4E1478BF68001E5D30 /* TUIButton.m in Sources */ = {isa = PBXBuildFile; fileRef = 3D36E9ED1478BF68001E5D30 /* TUIButton.m */; };
		3D36EA4F1478BF68001E5D30 /* TUICGAdditions.m in Sources */ = {isa = PBXBuildFile; fileRef = 3D36E9EF1478BF68001E5D30 /* TUICGAdditions.m */; };
		3D36EA501478BF68001E5D30 /* TUIColor.m in Sources */ = {isa = PBXBuildFile; fileRef = 3D36E9F11478BF68001E5D30 /* TUIColor.m */; };
		3D36EA511478BF68001E5D30 /* TUIControl+Accessibility.m in Sources */ = {isa = PBXBuildFile; fileRef = 3D36E9F31478BF68001E5D30 /* TUIControl+Accessibility.m */; };
		3D36EA521478BF68001E5D30 /* TUIControl+Private.m in Sources */ = {isa = PBXBuildFile; fileRef = 3D36E9F51478BF68001E5D30 /* TUIControl+Private.m */; };
		3D36EA531478BF68001E5D30 /* TUIControl+TargetAction.m in Sources */ = {isa = PBXBuildFile; fileRef = 3D36E9F61478BF68001E5D30 /* TUIControl+TargetAction.m */; };
		3D36EA541478BF68001E5D30 /* TUIControl.m in Sources */ = {isa = PBXBuildFile; fileRef = 3D36E9F81478BF68001E5D30 /* TUIControl.m */; };
		3D36EA551478BF68001E5D30 /* TUIFastIndexPath.m in Sources */ = {isa = PBXBuildFile; fileRef = 3D36E9FA1478BF68001E5D30 /* TUIFastIndexPath.m */; };
		3D36EA561478BF68001E5D30 /* TUIFont.m in Sources */ = {isa = PBXBuildFile; fileRef = 3D36E9FC1478BF68001E5D30 /* TUIFont.m */; };
		3D36EA571478BF68001E5D30 /* TUIGeometry.m in Sources */ = {isa = PBXBuildFile; fileRef = 3D36E9FE1478BF68001E5D30 /* TUIGeometry.m */; };
		3D36EA581478BF68001E5D30 /* TUIImage+Drawing.m in Sources */ = {isa = PBXBuildFile; fileRef = 3D36EA001478BF68001E5D30 /* TUIImage+Drawing.m */; };
		3D36EA591478BF68001E5D30 /* TUIImage.m in Sources */ = {isa = PBXBuildFile; fileRef = 3D36EA021478BF68001E5D30 /* TUIImage.m */; };
		3D36EA5A1478BF68001E5D30 /* TUIImageView.m in Sources */ = {isa = PBXBuildFile; fileRef = 3D36EA041478BF68001E5D30 /* TUIImageView.m */; };
		3D36EA5B1478BF68001E5D30 /* TUIKit.m in Sources */ = {isa = PBXBuildFile; fileRef = 3D36EA061478BF68001E5D30 /* TUIKit.m */; };
		3D36EA5C1478BF68001E5D30 /* TUILabel.m in Sources */ = {isa = PBXBuildFile; fileRef = 3D36EA081478BF68001E5D30 /* TUILabel.m */; };
		3D36EA5D1478BF68001E5D30 /* TUINSView+Accessibility.m in Sources */ = {isa = PBXBuildFile; fileRef = 3D36EA0A1478BF68001E5D30 /* TUINSView+Accessibility.m */; };
		3D36EA5E1478BF68001E5D30 /* TUINSView+Hyperfocus.m in Sources */ = {isa = PBXBuildFile; fileRef = 3D36EA0C1478BF68001E5D30 /* TUINSView+Hyperfocus.m */; };
		3D36EA5F1478BF68001E5D30 /* TUINSView+NSTextInputClient.m in Sources */ = {isa = PBXBuildFile; fileRef = 3D36EA0D1478BF68001E5D30 /* TUINSView+NSTextInputClient.m */; };
		3D36EA601478BF68001E5D30 /* TUINSView.m in Sources */ = {isa = PBXBuildFile; fileRef = 3D36EA0F1478BF68001E5D30 /* TUINSView.m */; };
		3D36EA611478BF68001E5D30 /* TUINSWindow.m in Sources */ = {isa = PBXBuildFile; fileRef = 3D36EA111478BF68001E5D30 /* TUINSWindow.m */; };
		3D36EA621478BF68001E5D30 /* TUIResponder.m in Sources */ = {isa = PBXBuildFile; fileRef = 3D36EA131478BF68001E5D30 /* TUIResponder.m */; };
		3D36EA631478BF68001E5D30 /* TUIScrollKnob.m in Sources */ = {isa = PBXBuildFile; fileRef = 3D36EA151478BF68001E5D30 /* TUIScrollKnob.m */; };
		3D36EA641478BF68001E5D30 /* TUIScrollView.m in Sources */ = {isa = PBXBuildFile; fileRef = 3D36EA171478BF68001E5D30 /* TUIScrollView.m */; };
		3D36EA651478BF68001E5D30 /* TUIStringDrawing.m in Sources */ = {isa = PBXBuildFile; fileRef = 3D36EA191478BF68001E5D30 /* TUIStringDrawing.m */; };
		3D36EA661478BF68001E5D30 /* TUITableView+Additions.m in Sources */ = {isa = PBXBuildFile; fileRef = 3D36EA1B1478BF68001E5D30 /* TUITableView+Additions.m */; };
		3D36EA671478BF68001E5D30 /* TUITableView+Cell.m in Sources */ = {isa = PBXBuildFile; fileRef = 3D36EA1D1478BF68001E5D30 /* TUITableView+Cell.m */; };
		3D36EA681478BF68001E5D30 /* TUITableView+Derepeater.m in Sources */ = {isa = PBXBuildFile; fileRef = 3D36EA1F1478BF68001E5D30 /* TUITableView+Derepeater.m */; };
		3D36EA691478BF68001E5D30 /* TUITableView.m in Sources */ = {isa = PBXBuildFile; fileRef = 3D36EA211478BF68001E5D30 /* TUITableView.m */; };
		3D36EA6A1478BF68001E5D30 /* TUITableViewCell.m in Sources */ = {isa = PBXBuildFile; fileRef = 3D36EA231478BF68001E5D30 /* TUITableViewCell.m */; };
		3D36EA6B1478BF68001E5D30 /* TUITableViewSectionHeader.m in Sources */ = {isa = PBXBuildFile; fileRef = 3D36EA251478BF68001E5D30 /* TUITableViewSectionHeader.m */; };
		3D36EA6C1478BF68001E5D30 /* TUITextEditor.m in Sources */ = {isa = PBXBuildFile; fileRef = 3D36EA271478BF68001E5D30 /* TUITextEditor.m */; };
		3D36EA6D1478BF68001E5D30 /* TUITextField.m in Sources */ = {isa = PBXBuildFile; fileRef = 3D36EA291478BF68001E5D30 /* TUITextField.m */; };
		3D36EA6E1478BF68001E5D30 /* TUITextRenderer+Event.m in Sources */ = {isa = PBXBuildFile; fileRef = 3D36EA2B1478BF68001E5D30 /* TUITextRenderer+Event.m */; };
		3D36EA6F1478BF68001E5D30 /* TUITextRenderer+KeyBindings.m in Sources */ = {isa = PBXBuildFile; fileRef = 3D36EA2C1478BF68001E5D30 /* TUITextRenderer+KeyBindings.m */; };
		3D36EA701478BF68001E5D30 /* TUITextRenderer.m in Sources */ = {isa = PBXBuildFile; fileRef = 3D36EA2E1478BF68001E5D30 /* TUITextRenderer.m */; };
		3D36EA711478BF68001E5D30 /* TUITextView.m in Sources */ = {isa = PBXBuildFile; fileRef = 3D36EA301478BF68001E5D30 /* TUITextView.m */; };
		3D36EA721478BF68001E5D30 /* TUITextViewEditor.m in Sources */ = {isa = PBXBuildFile; fileRef = 3D36EA321478BF68001E5D30 /* TUITextViewEditor.m */; };
		3D36EA731478BF68001E5D30 /* TUITooltipWindow.m in Sources */ = {isa = PBXBuildFile; fileRef = 3D36EA341478BF68001E5D30 /* TUITooltipWindow.m */; };
		3D36EA741478BF68001E5D30 /* TUIView+Accessibility.m in Sources */ = {isa = PBXBuildFile; fileRef = 3D36EA361478BF68001E5D30 /* TUIView+Accessibility.m */; };
		3D36EA751478BF68001E5D30 /* TUIView+Animation.m in Sources */ = {isa = PBXBuildFile; fileRef = 3D36EA371478BF68001E5D30 /* TUIView+Animation.m */; };
		3D36EA761478BF68001E5D30 /* TUIView+Event.m in Sources */ = {isa = PBXBuildFile; fileRef = 3D36EA391478BF68001E5D30 /* TUIView+Event.m */; };
		3D36EA771478BF68001E5D30 /* TUIView+NSTextInputClient.m in Sources */ = {isa = PBXBuildFile; fileRef = 3D36EA3B1478BF68001E5D30 /* TUIView+NSTextInputClient.m */; };
		3D36EA781478BF68001E5D30 /* TUIView+PasteboardDragging.m in Sources */ = {isa = PBXBuildFile; fileRef = 3D36EA3D1478BF68001E5D30 /* TUIView+PasteboardDragging.m */; };
		3D36EA791478BF68001E5D30 /* TUIView+Private.m in Sources */ = {isa = PBXBuildFile; fileRef = 3D36EA3F1478BF68001E5D30 /* TUIView+Private.m */; };
		3D36EA7A1478BF68001E5D30 /* TUIView.m in Sources */ = {isa = PBXBuildFile; fileRef = 3D36EA411478BF68001E5D30 /* TUIView.m */; };
		3D36EA7B1478BF68001E5D30 /* TUIViewController.m in Sources */ = {isa = PBXBuildFile; fileRef = 3D36EA431478BF68001E5D30 /* TUIViewController.m */; };
		3D36EA7C1478BF68001E5D30 /* TUIViewNSViewContainer.m in Sources */ = {isa = PBXBuildFile; fileRef = 3D36EA451478BF68001E5D30 /* TUIViewNSViewContainer.m */; };
		3D90CD5513ED9A4100B328CA /* NSInvocation+ForwardedConstruction.m in Sources */ = {isa = PBXBuildFile; fileRef = 3D90CD5413ED9A4100B328CA /* NSInvocation+ForwardedConstruction.m */; };
		3DBDFFB513F71414001985F2 /* PreferencesController.m in Sources */ = {isa = PBXBuildFile; fileRef = 3DBDFFB413F71414001985F2 /* PreferencesController.m */; };
		3DF2360A1479012100D11716 /* Channel.m in Sources */ = {isa = PBXBuildFile; fileRef = 3DF236091479012100D11716 /* Channel.m */; };
		3DF2360E1479086200D11716 /* AlertWord.m in Sources */ = {isa = PBXBuildFile; fileRef = 3DF2360D1479086200D11716 /* AlertWord.m */; };
		3DF61C931479318100E63D4A /* NSData+Base64.m in Sources */ = {isa = PBXBuildFile; fileRef = 3DF61C921479318100E63D4A /* NSData+Base64.m */; };
		3DF61C9B14798A2800E63D4A /* ServerController.m in Sources */ = {isa = PBXBuildFile; fileRef = 3DF61C9A14798A2800E63D4A /* ServerController.m */; };
		3DF61CAB1479FC9200E63D4A /* PreferencesServersController.m in Sources */ = {isa = PBXBuildFile; fileRef = 3DF61CAA1479FC9200E63D4A /* PreferencesServersController.m */; };
		3DF61CAF147A1C7900E63D4A /* User.m in Sources */ = {isa = PBXBuildFile; fileRef = 3DF61CAE147A1C7800E63D4A /* User.m */; };
		9826AB3F13D651640021B950 /* erkDataModel.xcdatamodeld in Sources */ = {isa = PBXBuildFile; fileRef = 9826AB3D13D651640021B950 /* erkDataModel.xcdatamodeld */; };
		9826AB4213D658320021B950 /* CoreData.framework in Frameworks */ = {isa = PBXBuildFile; fileRef = 9826AB4113D658320021B950 /* CoreData.framework */; };
/* End PBXBuildFile section */

/* Begin PBXContainerItemProxy section */
		3D2889BB13C1653100F137BC /* PBXContainerItemProxy */ = {
			isa = PBXContainerItemProxy;
			containerPortal = 3D28898F13C1653100F137BC /* Project object */;
			proxyType = 1;
			remoteGlobalIDString = 3D28899713C1653100F137BC;
			remoteInfo = erk;
		};
/* End PBXContainerItemProxy section */

/* Begin PBXFileReference section */
		3D0F551F1478C39900B9D36D /* GCDAsyncSocket.h */ = {isa = PBXFileReference; fileEncoding = 4; lastKnownFileType = sourcecode.c.h; name = GCDAsyncSocket.h; path = ../cocoaasyncsocket/GCD/GCDAsyncSocket.h; sourceTree = "<group>"; };
		3D0F55201478C39900B9D36D /* GCDAsyncSocket.m */ = {isa = PBXFileReference; fileEncoding = 4; lastKnownFileType = sourcecode.c.objc; name = GCDAsyncSocket.m; path = ../cocoaasyncsocket/GCD/GCDAsyncSocket.m; sourceTree = "<group>"; };
		3D0F55231478C3A200B9D36D /* DDAbstractDatabaseLogger.h */ = {isa = PBXFileReference; fileEncoding = 4; lastKnownFileType = sourcecode.c.h; path = DDAbstractDatabaseLogger.h; sourceTree = "<group>"; };
		3D0F55241478C3A200B9D36D /* DDAbstractDatabaseLogger.m */ = {isa = PBXFileReference; fileEncoding = 4; lastKnownFileType = sourcecode.c.objc; path = DDAbstractDatabaseLogger.m; sourceTree = "<group>"; };
		3D0F55251478C3A200B9D36D /* DDASLLogger.h */ = {isa = PBXFileReference; fileEncoding = 4; lastKnownFileType = sourcecode.c.h; path = DDASLLogger.h; sourceTree = "<group>"; };
		3D0F55261478C3A200B9D36D /* DDASLLogger.m */ = {isa = PBXFileReference; fileEncoding = 4; lastKnownFileType = sourcecode.c.objc; path = DDASLLogger.m; sourceTree = "<group>"; };
		3D0F55271478C3A200B9D36D /* DDFileLogger.h */ = {isa = PBXFileReference; fileEncoding = 4; lastKnownFileType = sourcecode.c.h; path = DDFileLogger.h; sourceTree = "<group>"; };
		3D0F55281478C3A200B9D36D /* DDFileLogger.m */ = {isa = PBXFileReference; fileEncoding = 4; lastKnownFileType = sourcecode.c.objc; path = DDFileLogger.m; sourceTree = "<group>"; };
		3D0F55291478C3A200B9D36D /* DDLog.h */ = {isa = PBXFileReference; fileEncoding = 4; lastKnownFileType = sourcecode.c.h; path = DDLog.h; sourceTree = "<group>"; };
		3D0F552A1478C3A200B9D36D /* DDLog.m */ = {isa = PBXFileReference; fileEncoding = 4; lastKnownFileType = sourcecode.c.objc; path = DDLog.m; sourceTree = "<group>"; };
		3D0F552B1478C3A200B9D36D /* DDTTYLogger.h */ = {isa = PBXFileReference; fileEncoding = 4; lastKnownFileType = sourcecode.c.h; path = DDTTYLogger.h; sourceTree = "<group>"; };
		3D0F552C1478C3A200B9D36D /* DDTTYLogger.m */ = {isa = PBXFileReference; fileEncoding = 4; lastKnownFileType = sourcecode.c.objc; path = DDTTYLogger.m; sourceTree = "<group>"; };
		3D12D16913F7A4BD005C192A /* Preferences.xib */ = {isa = PBXFileReference; fileEncoding = 4; lastKnownFileType = file.xib; path = Preferences.xib; sourceTree = "<group>"; };
		3D12D16D13F85AF2005C192A /* Server.h */ = {isa = PBXFileReference; fileEncoding = 4; lastKnownFileType = sourcecode.c.h; path = Server.h; sourceTree = "<group>"; };
		3D12D16E13F85AF2005C192A /* Server.m */ = {isa = PBXFileReference; fileEncoding = 4; lastKnownFileType = sourcecode.c.objc; path = Server.m; sourceTree = "<group>"; };
		3D28899813C1653100F137BC /* erk.app */ = {isa = PBXFileReference; explicitFileType = wrapper.application; includeInIndex = 0; path = erk.app; sourceTree = BUILT_PRODUCTS_DIR; };
		3D28899C13C1653100F137BC /* Cocoa.framework */ = {isa = PBXFileReference; lastKnownFileType = wrapper.framework; name = Cocoa.framework; path = System/Library/Frameworks/Cocoa.framework; sourceTree = SDKROOT; };
		3D28899F13C1653100F137BC /* AppKit.framework */ = {isa = PBXFileReference; lastKnownFileType = wrapper.framework; name = AppKit.framework; path = System/Library/Frameworks/AppKit.framework; sourceTree = SDKROOT; };
		3D2889A013C1653100F137BC /* CoreData.framework */ = {isa = PBXFileReference; lastKnownFileType = wrapper.framework; name = CoreData.framework; path = System/Library/Frameworks/CoreData.framework; sourceTree = SDKROOT; };
		3D2889A113C1653100F137BC /* Foundation.framework */ = {isa = PBXFileReference; lastKnownFileType = wrapper.framework; name = Foundation.framework; path = System/Library/Frameworks/Foundation.framework; sourceTree = SDKROOT; };
		3D2889A413C1653100F137BC /* erk-Info.plist */ = {isa = PBXFileReference; lastKnownFileType = text.plist.xml; path = "erk-Info.plist"; sourceTree = "<group>"; };
		3D2889A613C1653100F137BC /* en */ = {isa = PBXFileReference; lastKnownFileType = text.plist.strings; name = en; path = en.lproj/InfoPlist.strings; sourceTree = "<group>"; };
		3D2889A813C1653100F137BC /* erk-Prefix.pch */ = {isa = PBXFileReference; lastKnownFileType = sourcecode.c.h; path = "erk-Prefix.pch"; sourceTree = "<group>"; };
		3D2889A913C1653100F137BC /* main.m */ = {isa = PBXFileReference; lastKnownFileType = sourcecode.c.objc; path = main.m; sourceTree = "<group>"; };
		3D2889AC13C1653100F137BC /* en */ = {isa = PBXFileReference; lastKnownFileType = text.rtf; name = en; path = en.lproj/Credits.rtf; sourceTree = "<group>"; };
		3D2889AE13C1653100F137BC /* erkAppDelegate.h */ = {isa = PBXFileReference; fileEncoding = 4; lastKnownFileType = sourcecode.c.h; path = erkAppDelegate.h; sourceTree = "<group>"; };
		3D2889AF13C1653100F137BC /* erkAppDelegate.m */ = {isa = PBXFileReference; fileEncoding = 4; lastKnownFileType = sourcecode.c.objc; path = erkAppDelegate.m; sourceTree = "<group>"; };
		3D2889B213C1653100F137BC /* en */ = {isa = PBXFileReference; lastKnownFileType = file.xib; name = en; path = en.lproj/MainMenu.xib; sourceTree = "<group>"; };
		3D2889B913C1653100F137BC /* erkTests.octest */ = {isa = PBXFileReference; explicitFileType = wrapper.cfbundle; includeInIndex = 0; path = erkTests.octest; sourceTree = BUILT_PRODUCTS_DIR; };
		3D2889BF13C1653200F137BC /* erkTests-Info.plist */ = {isa = PBXFileReference; lastKnownFileType = text.plist.xml; path = "erkTests-Info.plist"; sourceTree = "<group>"; };
		3D2889C113C1653200F137BC /* en */ = {isa = PBXFileReference; lastKnownFileType = text.plist.strings; name = en; path = en.lproj/InfoPlist.strings; sourceTree = "<group>"; };
		3D2889C313C1653200F137BC /* erkTests-Prefix.pch */ = {isa = PBXFileReference; lastKnownFileType = sourcecode.c.h; path = "erkTests-Prefix.pch"; sourceTree = "<group>"; };
		3D2889C413C1653200F137BC /* erkTests.h */ = {isa = PBXFileReference; lastKnownFileType = sourcecode.c.h; path = erkTests.h; sourceTree = "<group>"; };
		3D2889C613C1653200F137BC /* erkTests.m */ = {isa = PBXFileReference; lastKnownFileType = sourcecode.c.objc; path = erkTests.m; sourceTree = "<group>"; };
		3D2889D013C1656700F137BC /* QuartzCore.framework */ = {isa = PBXFileReference; lastKnownFileType = wrapper.framework; name = QuartzCore.framework; path = System/Library/Frameworks/QuartzCore.framework; sourceTree = SDKROOT; };
		3D2889D213C1656E00F137BC /* ApplicationServices.framework */ = {isa = PBXFileReference; lastKnownFileType = wrapper.framework; name = ApplicationServices.framework; path = System/Library/Frameworks/ApplicationServices.framework; sourceTree = SDKROOT; };
		3D288A7513C166BD00F137BC /* MainView.h */ = {isa = PBXFileReference; fileEncoding = 4; lastKnownFileType = sourcecode.c.h; path = MainView.h; sourceTree = "<group>"; };
		3D288A7613C166BD00F137BC /* MainView.m */ = {isa = PBXFileReference; fileEncoding = 4; lastKnownFileType = sourcecode.c.objc; path = MainView.m; sourceTree = "<group>"; };
		3D288A7913C166BD00F137BC /* MainTableViewCell.h */ = {isa = PBXFileReference; fileEncoding = 4; lastKnownFileType = sourcecode.c.h; path = MainTableViewCell.h; sourceTree = "<group>"; };
		3D288A7A13C166BD00F137BC /* MainTableViewCell.m */ = {isa = PBXFileReference; fileEncoding = 4; lastKnownFileType = sourcecode.c.objc; path = MainTableViewCell.m; sourceTree = "<group>"; };
		3D288AA213C16F7B00F137BC /* ChannelList.h */ = {isa = PBXFileReference; fileEncoding = 4; lastKnownFileType = sourcecode.c.h; path = ChannelList.h; sourceTree = "<group>"; };
		3D288AA313C16F7B00F137BC /* ChannelList.m */ = {isa = PBXFileReference; fileEncoding = 4; lastKnownFileType = sourcecode.c.objc; path = ChannelList.m; sourceTree = "<group>"; };
		3D288AA613C1738400F137BC /* UserList.h */ = {isa = PBXFileReference; fileEncoding = 4; lastKnownFileType = sourcecode.c.h; path = UserList.h; sourceTree = "<group>"; };
		3D288AA713C1738400F137BC /* UserList.m */ = {isa = PBXFileReference; fileEncoding = 4; lastKnownFileType = sourcecode.c.objc; path = UserList.m; sourceTree = "<group>"; };
		3D288ABB13C17BC900F137BC /* MessageList.h */ = {isa = PBXFileReference; fileEncoding = 4; lastKnownFileType = sourcecode.c.h; path = MessageList.h; sourceTree = "<group>"; };
		3D288ABC13C17BC900F137BC /* MessageList.m */ = {isa = PBXFileReference; fileEncoding = 4; lastKnownFileType = sourcecode.c.objc; path = MessageList.m; sourceTree = "<group>"; };
		3D288AC413C1894600F137BC /* IrcConnection.h */ = {isa = PBXFileReference; fileEncoding = 4; lastKnownFileType = sourcecode.c.h; path = IrcConnection.h; sourceTree = "<group>"; };
		3D288AC513C1894600F137BC /* IrcConnection.m */ = {isa = PBXFileReference; fileEncoding = 4; lastKnownFileType = sourcecode.c.objc; path = IrcConnection.m; sourceTree = "<group>"; };
		3D288ADC13C18AF100F137BC /* Security.framework */ = {isa = PBXFileReference; lastKnownFileType = wrapper.framework; name = Security.framework; path = System/Library/Frameworks/Security.framework; sourceTree = SDKROOT; };
		3D288AE613C198BD00F137BC /* Message.h */ = {isa = PBXFileReference; fileEncoding = 4; path = Message.h; sourceTree = "<group>"; };
		3D288AE713C198BD00F137BC /* Message.m */ = {isa = PBXFileReference; fileEncoding = 4; lastKnownFileType = sourcecode.c.objc; path = Message.m; sourceTree = "<group>"; };
		3D288AFB13C22FAF00F137BC /* MessageToolbar.h */ = {isa = PBXFileReference; fileEncoding = 4; lastKnownFileType = sourcecode.c.h; path = MessageToolbar.h; sourceTree = "<group>"; };
		3D288AFC13C22FB000F137BC /* MessageToolbar.m */ = {isa = PBXFileReference; fileEncoding = 4; lastKnownFileType = sourcecode.c.objc; path = MessageToolbar.m; sourceTree = "<group>"; };
		3D36E9DC1478BF68001E5D30 /* ABActiveRange.h */ = {isa = PBXFileReference; fileEncoding = 4; lastKnownFileType = sourcecode.c.h; path = ABActiveRange.h; sourceTree = "<group>"; };
		3D36E9DD1478BF68001E5D30 /* ABActiveRange.m */ = {isa = PBXFileReference; fileEncoding = 4; lastKnownFileType = sourcecode.c.objc; path = ABActiveRange.m; sourceTree = "<group>"; };
		3D36E9DE1478BF68001E5D30 /* CoreText+Additions.h */ = {isa = PBXFileReference; fileEncoding = 4; lastKnownFileType = sourcecode.c.h; path = "CoreText+Additions.h"; sourceTree = "<group>"; };
		3D36E9DF1478BF68001E5D30 /* CoreText+Additions.m */ = {isa = PBXFileReference; fileEncoding = 4; lastKnownFileType = sourcecode.c.objc; path = "CoreText+Additions.m"; sourceTree = "<group>"; };
		3D36E9E11478BF68001E5D30 /* TUIAccessibility.h */ = {isa = PBXFileReference; fileEncoding = 4; lastKnownFileType = sourcecode.c.h; path = TUIAccessibility.h; sourceTree = "<group>"; };
		3D36E9E21478BF68001E5D30 /* TUIAccessibility.m */ = {isa = PBXFileReference; fileEncoding = 4; lastKnownFileType = sourcecode.c.objc; path = TUIAccessibility.m; sourceTree = "<group>"; };
		3D36E9E31478BF68001E5D30 /* TUIAccessibilityElement.h */ = {isa = PBXFileReference; fileEncoding = 4; lastKnownFileType = sourcecode.c.h; path = TUIAccessibilityElement.h; sourceTree = "<group>"; };
		3D36E9E41478BF68001E5D30 /* TUIAccessibilityElement.m */ = {isa = PBXFileReference; fileEncoding = 4; lastKnownFileType = sourcecode.c.objc; path = TUIAccessibilityElement.m; sourceTree = "<group>"; };
		3D36E9E51478BF68001E5D30 /* TUIActivityIndicatorView.h */ = {isa = PBXFileReference; fileEncoding = 4; lastKnownFileType = sourcecode.c.h; path = TUIActivityIndicatorView.h; sourceTree = "<group>"; };
		3D36E9E61478BF68001E5D30 /* TUIActivityIndicatorView.m */ = {isa = PBXFileReference; fileEncoding = 4; lastKnownFileType = sourcecode.c.objc; path = TUIActivityIndicatorView.m; sourceTree = "<group>"; };
		3D36E9E71478BF68001E5D30 /* TUIAttributedString.h */ = {isa = PBXFileReference; fileEncoding = 4; lastKnownFileType = sourcecode.c.h; path = TUIAttributedString.h; sourceTree = "<group>"; };
		3D36E9E81478BF68001E5D30 /* TUIAttributedString.m */ = {isa = PBXFileReference; fileEncoding = 4; lastKnownFileType = sourcecode.c.objc; path = TUIAttributedString.m; sourceTree = "<group>"; };
		3D36E9E91478BF68001E5D30 /* TUIButton+Accessibility.h */ = {isa = PBXFileReference; fileEncoding = 4; lastKnownFileType = sourcecode.c.h; path = "TUIButton+Accessibility.h"; sourceTree = "<group>"; };
		3D36E9EA1478BF68001E5D30 /* TUIButton+Accessibility.m */ = {isa = PBXFileReference; fileEncoding = 4; lastKnownFileType = sourcecode.c.objc; path = "TUIButton+Accessibility.m"; sourceTree = "<group>"; };
		3D36E9EB1478BF68001E5D30 /* TUIButton+Content.m */ = {isa = PBXFileReference; fileEncoding = 4; lastKnownFileType = sourcecode.c.objc; path = "TUIButton+Content.m"; sourceTree = "<group>"; };
		3D36E9EC1478BF68001E5D30 /* TUIButton.h */ = {isa = PBXFileReference; fileEncoding = 4; lastKnownFileType = sourcecode.c.h; path = TUIButton.h; sourceTree = "<group>"; };
		3D36E9ED1478BF68001E5D30 /* TUIButton.m */ = {isa = PBXFileReference; fileEncoding = 4; lastKnownFileType = sourcecode.c.objc; path = TUIButton.m; sourceTree = "<group>"; };
		3D36E9EE1478BF68001E5D30 /* TUICGAdditions.h */ = {isa = PBXFileReference; fileEncoding = 4; lastKnownFileType = sourcecode.c.h; path = TUICGAdditions.h; sourceTree = "<group>"; };
		3D36E9EF1478BF68001E5D30 /* TUICGAdditions.m */ = {isa = PBXFileReference; fileEncoding = 4; lastKnownFileType = sourcecode.c.objc; path = TUICGAdditions.m; sourceTree = "<group>"; };
		3D36E9F01478BF68001E5D30 /* TUIColor.h */ = {isa = PBXFileReference; fileEncoding = 4; lastKnownFileType = sourcecode.c.h; path = TUIColor.h; sourceTree = "<group>"; };
		3D36E9F11478BF68001E5D30 /* TUIColor.m */ = {isa = PBXFileReference; fileEncoding = 4; lastKnownFileType = sourcecode.c.objc; path = TUIColor.m; sourceTree = "<group>"; };
		3D36E9F21478BF68001E5D30 /* TUIControl+Accessibility.h */ = {isa = PBXFileReference; fileEncoding = 4; lastKnownFileType = sourcecode.c.h; path = "TUIControl+Accessibility.h"; sourceTree = "<group>"; };
		3D36E9F31478BF68001E5D30 /* TUIControl+Accessibility.m */ = {isa = PBXFileReference; fileEncoding = 4; lastKnownFileType = sourcecode.c.objc; path = "TUIControl+Accessibility.m"; sourceTree = "<group>"; };
		3D36E9F41478BF68001E5D30 /* TUIControl+Private.h */ = {isa = PBXFileReference; fileEncoding = 4; lastKnownFileType = sourcecode.c.h; path = "TUIControl+Private.h"; sourceTree = "<group>"; };
		3D36E9F51478BF68001E5D30 /* TUIControl+Private.m */ = {isa = PBXFileReference; fileEncoding = 4; lastKnownFileType = sourcecode.c.objc; path = "TUIControl+Private.m"; sourceTree = "<group>"; };
		3D36E9F61478BF68001E5D30 /* TUIControl+TargetAction.m */ = {isa = PBXFileReference; fileEncoding = 4; lastKnownFileType = sourcecode.c.objc; path = "TUIControl+TargetAction.m"; sourceTree = "<group>"; };
		3D36E9F71478BF68001E5D30 /* TUIControl.h */ = {isa = PBXFileReference; fileEncoding = 4; lastKnownFileType = sourcecode.c.h; path = TUIControl.h; sourceTree = "<group>"; };
		3D36E9F81478BF68001E5D30 /* TUIControl.m */ = {isa = PBXFileReference; fileEncoding = 4; lastKnownFileType = sourcecode.c.objc; path = TUIControl.m; sourceTree = "<group>"; };
		3D36E9F91478BF68001E5D30 /* TUIFastIndexPath.h */ = {isa = PBXFileReference; fileEncoding = 4; lastKnownFileType = sourcecode.c.h; path = TUIFastIndexPath.h; sourceTree = "<group>"; };
		3D36E9FA1478BF68001E5D30 /* TUIFastIndexPath.m */ = {isa = PBXFileReference; fileEncoding = 4; lastKnownFileType = sourcecode.c.objc; path = TUIFastIndexPath.m; sourceTree = "<group>"; };
		3D36E9FB1478BF68001E5D30 /* TUIFont.h */ = {isa = PBXFileReference; fileEncoding = 4; lastKnownFileType = sourcecode.c.h; path = TUIFont.h; sourceTree = "<group>"; };
		3D36E9FC1478BF68001E5D30 /* TUIFont.m */ = {isa = PBXFileReference; fileEncoding = 4; lastKnownFileType = sourcecode.c.objc; path = TUIFont.m; sourceTree = "<group>"; };
		3D36E9FD1478BF68001E5D30 /* TUIGeometry.h */ = {isa = PBXFileReference; fileEncoding = 4; lastKnownFileType = sourcecode.c.h; path = TUIGeometry.h; sourceTree = "<group>"; };
		3D36E9FE1478BF68001E5D30 /* TUIGeometry.m */ = {isa = PBXFileReference; fileEncoding = 4; lastKnownFileType = sourcecode.c.objc; path = TUIGeometry.m; sourceTree = "<group>"; };
		3D36E9FF1478BF68001E5D30 /* TUIImage+Drawing.h */ = {isa = PBXFileReference; fileEncoding = 4; lastKnownFileType = sourcecode.c.h; path = "TUIImage+Drawing.h"; sourceTree = "<group>"; };
		3D36EA001478BF68001E5D30 /* TUIImage+Drawing.m */ = {isa = PBXFileReference; fileEncoding = 4; lastKnownFileType = sourcecode.c.objc; path = "TUIImage+Drawing.m"; sourceTree = "<group>"; };
		3D36EA011478BF68001E5D30 /* TUIImage.h */ = {isa = PBXFileReference; fileEncoding = 4; lastKnownFileType = sourcecode.c.h; path = TUIImage.h; sourceTree = "<group>"; };
		3D36EA021478BF68001E5D30 /* TUIImage.m */ = {isa = PBXFileReference; fileEncoding = 4; lastKnownFileType = sourcecode.c.objc; path = TUIImage.m; sourceTree = "<group>"; };
		3D36EA031478BF68001E5D30 /* TUIImageView.h */ = {isa = PBXFileReference; fileEncoding = 4; lastKnownFileType = sourcecode.c.h; path = TUIImageView.h; sourceTree = "<group>"; };
		3D36EA041478BF68001E5D30 /* TUIImageView.m */ = {isa = PBXFileReference; fileEncoding = 4; lastKnownFileType = sourcecode.c.objc; path = TUIImageView.m; sourceTree = "<group>"; };
		3D36EA051478BF68001E5D30 /* TUIKit.h */ = {isa = PBXFileReference; fileEncoding = 4; lastKnownFileType = sourcecode.c.h; path = TUIKit.h; sourceTree = "<group>"; };
		3D36EA061478BF68001E5D30 /* TUIKit.m */ = {isa = PBXFileReference; fileEncoding = 4; lastKnownFileType = sourcecode.c.objc; path = TUIKit.m; sourceTree = "<group>"; };
		3D36EA071478BF68001E5D30 /* TUILabel.h */ = {isa = PBXFileReference; fileEncoding = 4; lastKnownFileType = sourcecode.c.h; path = TUILabel.h; sourceTree = "<group>"; };
		3D36EA081478BF68001E5D30 /* TUILabel.m */ = {isa = PBXFileReference; fileEncoding = 4; lastKnownFileType = sourcecode.c.objc; path = TUILabel.m; sourceTree = "<group>"; };
		3D36EA091478BF68001E5D30 /* TUINSView+Accessibility.h */ = {isa = PBXFileReference; fileEncoding = 4; lastKnownFileType = sourcecode.c.h; path = "TUINSView+Accessibility.h"; sourceTree = "<group>"; };
		3D36EA0A1478BF68001E5D30 /* TUINSView+Accessibility.m */ = {isa = PBXFileReference; fileEncoding = 4; lastKnownFileType = sourcecode.c.objc; path = "TUINSView+Accessibility.m"; sourceTree = "<group>"; };
		3D36EA0B1478BF68001E5D30 /* TUINSView+Hyperfocus.h */ = {isa = PBXFileReference; fileEncoding = 4; lastKnownFileType = sourcecode.c.h; path = "TUINSView+Hyperfocus.h"; sourceTree = "<group>"; };
		3D36EA0C1478BF68001E5D30 /* TUINSView+Hyperfocus.m */ = {isa = PBXFileReference; fileEncoding = 4; lastKnownFileType = sourcecode.c.objc; path = "TUINSView+Hyperfocus.m"; sourceTree = "<group>"; };
		3D36EA0D1478BF68001E5D30 /* TUINSView+NSTextInputClient.m */ = {isa = PBXFileReference; fileEncoding = 4; lastKnownFileType = sourcecode.c.objc; path = "TUINSView+NSTextInputClient.m"; sourceTree = "<group>"; };
		3D36EA0E1478BF68001E5D30 /* TUINSView.h */ = {isa = PBXFileReference; fileEncoding = 4; lastKnownFileType = sourcecode.c.h; path = TUINSView.h; sourceTree = "<group>"; };
		3D36EA0F1478BF68001E5D30 /* TUINSView.m */ = {isa = PBXFileReference; fileEncoding = 4; lastKnownFileType = sourcecode.c.objc; path = TUINSView.m; sourceTree = "<group>"; };
		3D36EA101478BF68001E5D30 /* TUINSWindow.h */ = {isa = PBXFileReference; fileEncoding = 4; lastKnownFileType = sourcecode.c.h; path = TUINSWindow.h; sourceTree = "<group>"; };
		3D36EA111478BF68001E5D30 /* TUINSWindow.m */ = {isa = PBXFileReference; fileEncoding = 4; lastKnownFileType = sourcecode.c.objc; path = TUINSWindow.m; sourceTree = "<group>"; };
		3D36EA121478BF68001E5D30 /* TUIResponder.h */ = {isa = PBXFileReference; fileEncoding = 4; lastKnownFileType = sourcecode.c.h; path = TUIResponder.h; sourceTree = "<group>"; };
		3D36EA131478BF68001E5D30 /* TUIResponder.m */ = {isa = PBXFileReference; fileEncoding = 4; lastKnownFileType = sourcecode.c.objc; path = TUIResponder.m; sourceTree = "<group>"; };
		3D36EA141478BF68001E5D30 /* TUIScrollKnob.h */ = {isa = PBXFileReference; fileEncoding = 4; lastKnownFileType = sourcecode.c.h; path = TUIScrollKnob.h; sourceTree = "<group>"; };
		3D36EA151478BF68001E5D30 /* TUIScrollKnob.m */ = {isa = PBXFileReference; fileEncoding = 4; lastKnownFileType = sourcecode.c.objc; path = TUIScrollKnob.m; sourceTree = "<group>"; };
		3D36EA161478BF68001E5D30 /* TUIScrollView.h */ = {isa = PBXFileReference; fileEncoding = 4; lastKnownFileType = sourcecode.c.h; path = TUIScrollView.h; sourceTree = "<group>"; };
		3D36EA171478BF68001E5D30 /* TUIScrollView.m */ = {isa = PBXFileReference; fileEncoding = 4; lastKnownFileType = sourcecode.c.objc; path = TUIScrollView.m; sourceTree = "<group>"; };
		3D36EA181478BF68001E5D30 /* TUIStringDrawing.h */ = {isa = PBXFileReference; fileEncoding = 4; lastKnownFileType = sourcecode.c.h; path = TUIStringDrawing.h; sourceTree = "<group>"; };
		3D36EA191478BF68001E5D30 /* TUIStringDrawing.m */ = {isa = PBXFileReference; fileEncoding = 4; lastKnownFileType = sourcecode.c.objc; path = TUIStringDrawing.m; sourceTree = "<group>"; };
		3D36EA1A1478BF68001E5D30 /* TUITableView+Additions.h */ = {isa = PBXFileReference; fileEncoding = 4; lastKnownFileType = sourcecode.c.h; path = "TUITableView+Additions.h"; sourceTree = "<group>"; };
		3D36EA1B1478BF68001E5D30 /* TUITableView+Additions.m */ = {isa = PBXFileReference; fileEncoding = 4; lastKnownFileType = sourcecode.c.objc; path = "TUITableView+Additions.m"; sourceTree = "<group>"; };
		3D36EA1C1478BF68001E5D30 /* TUITableView+Cell.h */ = {isa = PBXFileReference; fileEncoding = 4; lastKnownFileType = sourcecode.c.h; path = "TUITableView+Cell.h"; sourceTree = "<group>"; };
		3D36EA1D1478BF68001E5D30 /* TUITableView+Cell.m */ = {isa = PBXFileReference; fileEncoding = 4; lastKnownFileType = sourcecode.c.objc; path = "TUITableView+Cell.m"; sourceTree = "<group>"; };
		3D36EA1E1478BF68001E5D30 /* TUITableView+Derepeater.h */ = {isa = PBXFileReference; fileEncoding = 4; lastKnownFileType = sourcecode.c.h; path = "TUITableView+Derepeater.h"; sourceTree = "<group>"; };
		3D36EA1F1478BF68001E5D30 /* TUITableView+Derepeater.m */ = {isa = PBXFileReference; fileEncoding = 4; lastKnownFileType = sourcecode.c.objc; path = "TUITableView+Derepeater.m"; sourceTree = "<group>"; };
		3D36EA201478BF68001E5D30 /* TUITableView.h */ = {isa = PBXFileReference; fileEncoding = 4; lastKnownFileType = sourcecode.c.h; path = TUITableView.h; sourceTree = "<group>"; };
		3D36EA211478BF68001E5D30 /* TUITableView.m */ = {isa = PBXFileReference; fileEncoding = 4; lastKnownFileType = sourcecode.c.objc; path = TUITableView.m; sourceTree = "<group>"; };
		3D36EA221478BF68001E5D30 /* TUITableViewCell.h */ = {isa = PBXFileReference; fileEncoding = 4; lastKnownFileType = sourcecode.c.h; path = TUITableViewCell.h; sourceTree = "<group>"; };
		3D36EA231478BF68001E5D30 /* TUITableViewCell.m */ = {isa = PBXFileReference; fileEncoding = 4; lastKnownFileType = sourcecode.c.objc; path = TUITableViewCell.m; sourceTree = "<group>"; };
		3D36EA241478BF68001E5D30 /* TUITableViewSectionHeader.h */ = {isa = PBXFileReference; fileEncoding = 4; lastKnownFileType = sourcecode.c.h; path = TUITableViewSectionHeader.h; sourceTree = "<group>"; };
		3D36EA251478BF68001E5D30 /* TUITableViewSectionHeader.m */ = {isa = PBXFileReference; fileEncoding = 4; lastKnownFileType = sourcecode.c.objc; path = TUITableViewSectionHeader.m; sourceTree = "<group>"; };
		3D36EA261478BF68001E5D30 /* TUITextEditor.h */ = {isa = PBXFileReference; fileEncoding = 4; lastKnownFileType = sourcecode.c.h; path = TUITextEditor.h; sourceTree = "<group>"; };
		3D36EA271478BF68001E5D30 /* TUITextEditor.m */ = {isa = PBXFileReference; fileEncoding = 4; lastKnownFileType = sourcecode.c.objc; path = TUITextEditor.m; sourceTree = "<group>"; };
		3D36EA281478BF68001E5D30 /* TUITextField.h */ = {isa = PBXFileReference; fileEncoding = 4; lastKnownFileType = sourcecode.c.h; path = TUITextField.h; sourceTree = "<group>"; };
		3D36EA291478BF68001E5D30 /* TUITextField.m */ = {isa = PBXFileReference; fileEncoding = 4; lastKnownFileType = sourcecode.c.objc; path = TUITextField.m; sourceTree = "<group>"; };
		3D36EA2A1478BF68001E5D30 /* TUITextRenderer+Event.h */ = {isa = PBXFileReference; fileEncoding = 4; lastKnownFileType = sourcecode.c.h; path = "TUITextRenderer+Event.h"; sourceTree = "<group>"; };
		3D36EA2B1478BF68001E5D30 /* TUITextRenderer+Event.m */ = {isa = PBXFileReference; fileEncoding = 4; lastKnownFileType = sourcecode.c.objc; path = "TUITextRenderer+Event.m"; sourceTree = "<group>"; };
		3D36EA2C1478BF68001E5D30 /* TUITextRenderer+KeyBindings.m */ = {isa = PBXFileReference; fileEncoding = 4; lastKnownFileType = sourcecode.c.objc; path = "TUITextRenderer+KeyBindings.m"; sourceTree = "<group>"; };
		3D36EA2D1478BF68001E5D30 /* TUITextRenderer.h */ = {isa = PBXFileReference; fileEncoding = 4; lastKnownFileType = sourcecode.c.h; path = TUITextRenderer.h; sourceTree = "<group>"; };
		3D36EA2E1478BF68001E5D30 /* TUITextRenderer.m */ = {isa = PBXFileReference; fileEncoding = 4; lastKnownFileType = sourcecode.c.objc; path = TUITextRenderer.m; sourceTree = "<group>"; };
		3D36EA2F1478BF68001E5D30 /* TUITextView.h */ = {isa = PBXFileReference; fileEncoding = 4; lastKnownFileType = sourcecode.c.h; path = TUITextView.h; sourceTree = "<group>"; };
		3D36EA301478BF68001E5D30 /* TUITextView.m */ = {isa = PBXFileReference; fileEncoding = 4; lastKnownFileType = sourcecode.c.objc; path = TUITextView.m; sourceTree = "<group>"; };
		3D36EA311478BF68001E5D30 /* TUITextViewEditor.h */ = {isa = PBXFileReference; fileEncoding = 4; lastKnownFileType = sourcecode.c.h; path = TUITextViewEditor.h; sourceTree = "<group>"; };
		3D36EA321478BF68001E5D30 /* TUITextViewEditor.m */ = {isa = PBXFileReference; fileEncoding = 4; lastKnownFileType = sourcecode.c.objc; path = TUITextViewEditor.m; sourceTree = "<group>"; };
		3D36EA331478BF68001E5D30 /* TUITooltipWindow.h */ = {isa = PBXFileReference; fileEncoding = 4; lastKnownFileType = sourcecode.c.h; path = TUITooltipWindow.h; sourceTree = "<group>"; };
		3D36EA341478BF68001E5D30 /* TUITooltipWindow.m */ = {isa = PBXFileReference; fileEncoding = 4; lastKnownFileType = sourcecode.c.objc; path = TUITooltipWindow.m; sourceTree = "<group>"; };
		3D36EA351478BF68001E5D30 /* TUIView+Accessibility.h */ = {isa = PBXFileReference; fileEncoding = 4; lastKnownFileType = sourcecode.c.h; path = "TUIView+Accessibility.h"; sourceTree = "<group>"; };
		3D36EA361478BF68001E5D30 /* TUIView+Accessibility.m */ = {isa = PBXFileReference; fileEncoding = 4; lastKnownFileType = sourcecode.c.objc; path = "TUIView+Accessibility.m"; sourceTree = "<group>"; };
		3D36EA371478BF68001E5D30 /* TUIView+Animation.m */ = {isa = PBXFileReference; fileEncoding = 4; lastKnownFileType = sourcecode.c.objc; path = "TUIView+Animation.m"; sourceTree = "<group>"; };
		3D36EA381478BF68001E5D30 /* TUIView+Event.h */ = {isa = PBXFileReference; fileEncoding = 4; lastKnownFileType = sourcecode.c.h; path = "TUIView+Event.h"; sourceTree = "<group>"; };
		3D36EA391478BF68001E5D30 /* TUIView+Event.m */ = {isa = PBXFileReference; fileEncoding = 4; lastKnownFileType = sourcecode.c.objc; path = "TUIView+Event.m"; sourceTree = "<group>"; };
		3D36EA3A1478BF68001E5D30 /* TUIView+NSTextInputClient.h */ = {isa = PBXFileReference; fileEncoding = 4; lastKnownFileType = sourcecode.c.h; path = "TUIView+NSTextInputClient.h"; sourceTree = "<group>"; };
		3D36EA3B1478BF68001E5D30 /* TUIView+NSTextInputClient.m */ = {isa = PBXFileReference; fileEncoding = 4; lastKnownFileType = sourcecode.c.objc; path = "TUIView+NSTextInputClient.m"; sourceTree = "<group>"; };
		3D36EA3C1478BF68001E5D30 /* TUIView+PasteboardDragging.h */ = {isa = PBXFileReference; fileEncoding = 4; lastKnownFileType = sourcecode.c.h; path = "TUIView+PasteboardDragging.h"; sourceTree = "<group>"; };
		3D36EA3D1478BF68001E5D30 /* TUIView+PasteboardDragging.m */ = {isa = PBXFileReference; fileEncoding = 4; lastKnownFileType = sourcecode.c.objc; path = "TUIView+PasteboardDragging.m"; sourceTree = "<group>"; };
		3D36EA3E1478BF68001E5D30 /* TUIView+Private.h */ = {isa = PBXFileReference; fileEncoding = 4; lastKnownFileType = sourcecode.c.h; path = "TUIView+Private.h"; sourceTree = "<group>"; };
		3D36EA3F1478BF68001E5D30 /* TUIView+Private.m */ = {isa = PBXFileReference; fileEncoding = 4; lastKnownFileType = sourcecode.c.objc; path = "TUIView+Private.m"; sourceTree = "<group>"; };
		3D36EA401478BF68001E5D30 /* TUIView.h */ = {isa = PBXFileReference; fileEncoding = 4; lastKnownFileType = sourcecode.c.h; path = TUIView.h; sourceTree = "<group>"; };
		3D36EA411478BF68001E5D30 /* TUIView.m */ = {isa = PBXFileReference; fileEncoding = 4; lastKnownFileType = sourcecode.c.objc; path = TUIView.m; sourceTree = "<group>"; };
		3D36EA421478BF68001E5D30 /* TUIViewController.h */ = {isa = PBXFileReference; fileEncoding = 4; lastKnownFileType = sourcecode.c.h; path = TUIViewController.h; sourceTree = "<group>"; };
		3D36EA431478BF68001E5D30 /* TUIViewController.m */ = {isa = PBXFileReference; fileEncoding = 4; lastKnownFileType = sourcecode.c.objc; path = TUIViewController.m; sourceTree = "<group>"; };
		3D36EA441478BF68001E5D30 /* TUIViewNSViewContainer.h */ = {isa = PBXFileReference; fileEncoding = 4; lastKnownFileType = sourcecode.c.h; path = TUIViewNSViewContainer.h; sourceTree = "<group>"; };
		3D36EA451478BF68001E5D30 /* TUIViewNSViewContainer.m */ = {isa = PBXFileReference; fileEncoding = 4; lastKnownFileType = sourcecode.c.objc; path = TUIViewNSViewContainer.m; sourceTree = "<group>"; };
		3D5A3A1B1478E48000FEDDDA /* erkDataModel 1.1.xcdatamodel */ = {isa = PBXFileReference; lastKnownFileType = wrapper.xcdatamodel; path = "erkDataModel 1.1.xcdatamodel"; sourceTree = "<group>"; };
		3D90CD5313ED9A4100B328CA /* NSInvocation+ForwardedConstruction.h */ = {isa = PBXFileReference; fileEncoding = 4; lastKnownFileType = sourcecode.c.h; path = "NSInvocation+ForwardedConstruction.h"; sourceTree = "<group>"; };
		3D90CD5413ED9A4100B328CA /* NSInvocation+ForwardedConstruction.m */ = {isa = PBXFileReference; fileEncoding = 4; lastKnownFileType = sourcecode.c.objc; path = "NSInvocation+ForwardedConstruction.m"; sourceTree = "<group>"; };
		3DBDFFB313F71414001985F2 /* PreferencesController.h */ = {isa = PBXFileReference; fileEncoding = 4; lastKnownFileType = sourcecode.c.h; path = PreferencesController.h; sourceTree = "<group>"; };
		3DBDFFB413F71414001985F2 /* PreferencesController.m */ = {isa = PBXFileReference; fileEncoding = 4; lastKnownFileType = sourcecode.c.objc; path = PreferencesController.m; sourceTree = "<group>"; };
		3DF236081479012100D11716 /* Channel.h */ = {isa = PBXFileReference; fileEncoding = 4; lastKnownFileType = sourcecode.c.h; path = Channel.h; sourceTree = "<group>"; };
		3DF236091479012100D11716 /* Channel.m */ = {isa = PBXFileReference; fileEncoding = 4; lastKnownFileType = sourcecode.c.objc; path = Channel.m; sourceTree = "<group>"; };
		3DF2360C1479086200D11716 /* AlertWord.h */ = {isa = PBXFileReference; fileEncoding = 4; lastKnownFileType = sourcecode.c.h; path = AlertWord.h; sourceTree = "<group>"; };
		3DF2360D1479086200D11716 /* AlertWord.m */ = {isa = PBXFileReference; fileEncoding = 4; lastKnownFileType = sourcecode.c.objc; path = AlertWord.m; sourceTree = "<group>"; };
		3DF61C911479318100E63D4A /* NSData+Base64.h */ = {isa = PBXFileReference; fileEncoding = 4; lastKnownFileType = sourcecode.c.h; path = "NSData+Base64.h"; sourceTree = "<group>"; };
		3DF61C921479318100E63D4A /* NSData+Base64.m */ = {isa = PBXFileReference; fileEncoding = 4; lastKnownFileType = sourcecode.c.objc; path = "NSData+Base64.m"; sourceTree = "<group>"; };
		3DF61C94147934BB00E63D4A /* erkDataModel 1.2.xcdatamodel */ = {isa = PBXFileReference; lastKnownFileType = wrapper.xcdatamodel; path = "erkDataModel 1.2.xcdatamodel"; sourceTree = "<group>"; };
		3DF61C9914798A2800E63D4A /* ServerController.h */ = {isa = PBXFileReference; fileEncoding = 4; lastKnownFileType = sourcecode.c.h; path = ServerController.h; sourceTree = "<group>"; };
		3DF61C9A14798A2800E63D4A /* ServerController.m */ = {isa = PBXFileReference; fileEncoding = 4; lastKnownFileType = sourcecode.c.objc; path = ServerController.m; sourceTree = "<group>"; };
		3DF61CA41479F0AC00E63D4A /* erkDataModel 1.3.xcdatamodel */ = {isa = PBXFileReference; lastKnownFileType = wrapper.xcdatamodel; path = "erkDataModel 1.3.xcdatamodel"; sourceTree = "<group>"; };
		3DF61CA91479FC9200E63D4A /* PreferencesServersController.h */ = {isa = PBXFileReference; fileEncoding = 4; lastKnownFileType = sourcecode.c.h; path = PreferencesServersController.h; sourceTree = "<group>"; };
		3DF61CAA1479FC9200E63D4A /* PreferencesServersController.m */ = {isa = PBXFileReference; fileEncoding = 4; lastKnownFileType = sourcecode.c.objc; path = PreferencesServersController.m; sourceTree = "<group>"; };
		3DF61CAD147A1C7800E63D4A /* User.h */ = {isa = PBXFileReference; fileEncoding = 4; lastKnownFileType = sourcecode.c.h; path = User.h; sourceTree = "<group>"; };
		3DF61CAE147A1C7800E63D4A /* User.m */ = {isa = PBXFileReference; fileEncoding = 4; lastKnownFileType = sourcecode.c.objc; path = User.m; sourceTree = "<group>"; };
		9826AB3E13D651640021B950 /* erkDataModel.xcdatamodel */ = {isa = PBXFileReference; lastKnownFileType = wrapper.xcdatamodel; path = erkDataModel.xcdatamodel; sourceTree = "<group>"; };
		9826AB4113D658320021B950 /* CoreData.framework */ = {isa = PBXFileReference; lastKnownFileType = wrapper.framework; name = CoreData.framework; path = System/Library/Frameworks/CoreData.framework; sourceTree = SDKROOT; };
/* End PBXFileReference section */

/* Begin PBXFrameworksBuildPhase section */
		3D28899513C1653100F137BC /* Frameworks */ = {
			isa = PBXFrameworksBuildPhase;
			buildActionMask = 2147483647;
			files = (
				9826AB4213D658320021B950 /* CoreData.framework in Frameworks */,
				3D288ADD13C18AF100F137BC /* Security.framework in Frameworks */,
				3D2889D313C1656E00F137BC /* ApplicationServices.framework in Frameworks */,
				3D2889D113C1656700F137BC /* QuartzCore.framework in Frameworks */,
				3D28899D13C1653100F137BC /* Cocoa.framework in Frameworks */,
			);
			runOnlyForDeploymentPostprocessing = 0;
		};
		3D2889B513C1653100F137BC /* Frameworks */ = {
			isa = PBXFrameworksBuildPhase;
			buildActionMask = 2147483647;
			files = (
				3D2889BA13C1653100F137BC /* Cocoa.framework in Frameworks */,
			);
			runOnlyForDeploymentPostprocessing = 0;
		};
/* End PBXFrameworksBuildPhase section */

/* Begin PBXGroup section */
		3D0F551D1478C38100B9D36D /* CocoaAsyncSocket */ = {
			isa = PBXGroup;
			children = (
				3D0F551F1478C39900B9D36D /* GCDAsyncSocket.h */,
				3D0F55201478C39900B9D36D /* GCDAsyncSocket.m */,
				3D0F55221478C3A200B9D36D /* CocoaLumberjack */,
			);
			name = CocoaAsyncSocket;
			sourceTree = "<group>";
		};
		3D0F55221478C3A200B9D36D /* CocoaLumberjack */ = {
			isa = PBXGroup;
			children = (
				3D0F55231478C3A200B9D36D /* DDAbstractDatabaseLogger.h */,
				3D0F55241478C3A200B9D36D /* DDAbstractDatabaseLogger.m */,
				3D0F55251478C3A200B9D36D /* DDASLLogger.h */,
				3D0F55261478C3A200B9D36D /* DDASLLogger.m */,
				3D0F55271478C3A200B9D36D /* DDFileLogger.h */,
				3D0F55281478C3A200B9D36D /* DDFileLogger.m */,
				3D0F55291478C3A200B9D36D /* DDLog.h */,
				3D0F552A1478C3A200B9D36D /* DDLog.m */,
				3D0F552B1478C3A200B9D36D /* DDTTYLogger.h */,
				3D0F552C1478C3A200B9D36D /* DDTTYLogger.m */,
			);
			name = CocoaLumberjack;
			path = ../cocoaasyncsocket/Vendor/CocoaLumberjack;
			sourceTree = "<group>";
		};
		3D12D16C13F85AC4005C192A /* Core Data */ = {
			isa = PBXGroup;
			children = (
				3D12D16D13F85AF2005C192A /* Server.h */,
				3D12D16E13F85AF2005C192A /* Server.m */,
				3DF236081479012100D11716 /* Channel.h */,
				3DF236091479012100D11716 /* Channel.m */,
				3DF2360C1479086200D11716 /* AlertWord.h */,
				3DF2360D1479086200D11716 /* AlertWord.m */,
				3DF61CAD147A1C7800E63D4A /* User.h */,
				3DF61CAE147A1C7800E63D4A /* User.m */,
			);
			name = "Core Data";
			sourceTree = "<group>";
		};
		3D28898D13C1653100F137BC = {
			isa = PBXGroup;
			children = (
				3D2889A213C1653100F137BC /* erk */,
				3D2889BD13C1653100F137BC /* erkTests */,
				3D28899B13C1653100F137BC /* Frameworks */,
				3D28899913C1653100F137BC /* Products */,
			);
			sourceTree = "<group>";
		};
		3D28899913C1653100F137BC /* Products */ = {
			isa = PBXGroup;
			children = (
				3D28899813C1653100F137BC /* erk.app */,
				3D2889B913C1653100F137BC /* erkTests.octest */,
			);
			name = Products;
			sourceTree = "<group>";
		};
		3D28899B13C1653100F137BC /* Frameworks */ = {
			isa = PBXGroup;
			children = (
				9826AB4113D658320021B950 /* CoreData.framework */,
				3D2889D213C1656E00F137BC /* ApplicationServices.framework */,
				3D2889D013C1656700F137BC /* QuartzCore.framework */,
				3D28899C13C1653100F137BC /* Cocoa.framework */,
				3D288ADC13C18AF100F137BC /* Security.framework */,
				3D28899F13C1653100F137BC /* AppKit.framework */,
				3D2889A013C1653100F137BC /* CoreData.framework */,
				3D2889A113C1653100F137BC /* Foundation.framework */,
				3D36EA7D1478BF6E001E5D30 /* TwUI */,
				3D0F551D1478C38100B9D36D /* CocoaAsyncSocket */,
			);
			name = Frameworks;
			sourceTree = "<group>";
		};
		3D2889A213C1653100F137BC /* erk */ = {
			isa = PBXGroup;
			children = (
				3D2889AE13C1653100F137BC /* erkAppDelegate.h */,
				3D2889AF13C1653100F137BC /* erkAppDelegate.m */,
				3DF61C9C14798BF200E63D4A /* Network */,
				3DBDFFB113F713F4001985F2 /* Controllers */,
				3D288AEA13C198C200F137BC /* Models */,
				3D288A8813C16BBC00F137BC /* Views */,
				3D90CD5213ED99E000B328CA /* Utility */,
				3D2889A313C1653100F137BC /* Supporting Files */,
				3D2889B113C1653100F137BC /* MainMenu.xib */,
				3D12D16913F7A4BD005C192A /* Preferences.xib */,
				9826AB3D13D651640021B950 /* erkDataModel.xcdatamodeld */,
			);
			path = erk;
			sourceTree = "<group>";
		};
		3D2889A313C1653100F137BC /* Supporting Files */ = {
			isa = PBXGroup;
			children = (
				3D2889A413C1653100F137BC /* erk-Info.plist */,
				3D2889A513C1653100F137BC /* InfoPlist.strings */,
				3D2889A813C1653100F137BC /* erk-Prefix.pch */,
				3D2889A913C1653100F137BC /* main.m */,
				3D2889AB13C1653100F137BC /* Credits.rtf */,
			);
			name = "Supporting Files";
			sourceTree = "<group>";
		};
		3D2889BD13C1653100F137BC /* erkTests */ = {
			isa = PBXGroup;
			children = (
				3D2889C413C1653200F137BC /* erkTests.h */,
				3D2889C613C1653200F137BC /* erkTests.m */,
				3D2889BE13C1653200F137BC /* Supporting Files */,
			);
			path = erkTests;
			sourceTree = "<group>";
		};
		3D2889BE13C1653200F137BC /* Supporting Files */ = {
			isa = PBXGroup;
			children = (
				3D2889BF13C1653200F137BC /* erkTests-Info.plist */,
				3D2889C013C1653200F137BC /* InfoPlist.strings */,
				3D2889C313C1653200F137BC /* erkTests-Prefix.pch */,
			);
			name = "Supporting Files";
			sourceTree = "<group>";
		};
		3D288A8813C16BBC00F137BC /* Views */ = {
			isa = PBXGroup;
			children = (
				3D288A7513C166BD00F137BC /* MainView.h */,
				3D288A7613C166BD00F137BC /* MainView.m */,
				3D288AA213C16F7B00F137BC /* ChannelList.h */,
				3D288AA313C16F7B00F137BC /* ChannelList.m */,
				3D288ABB13C17BC900F137BC /* MessageList.h */,
				3D288ABC13C17BC900F137BC /* MessageList.m */,
				3D288AA613C1738400F137BC /* UserList.h */,
				3D288AA713C1738400F137BC /* UserList.m */,
				3D288A7913C166BD00F137BC /* MainTableViewCell.h */,
				3D288A7A13C166BD00F137BC /* MainTableViewCell.m */,
				3D288AFB13C22FAF00F137BC /* MessageToolbar.h */,
				3D288AFC13C22FB000F137BC /* MessageToolbar.m */,
			);
			name = Views;
			sourceTree = "<group>";
		};
		3D288AEA13C198C200F137BC /* Models */ = {
			isa = PBXGroup;
			children = (
				3D288AE613C198BD00F137BC /* Message.h */,
				3D288AE713C198BD00F137BC /* Message.m */,
				3D12D16C13F85AC4005C192A /* Core Data */,
			);
			name = Models;
			sourceTree = "<group>";
		};
		3D36E9DB1478BF68001E5D30 /* Support */ = {
			isa = PBXGroup;
			children = (
				3D36E9DC1478BF68001E5D30 /* ABActiveRange.h */,
				3D36E9DD1478BF68001E5D30 /* ABActiveRange.m */,
				3D36E9DE1478BF68001E5D30 /* CoreText+Additions.h */,
				3D36E9DF1478BF68001E5D30 /* CoreText+Additions.m */,
			);
			name = Support;
			path = ../twui/lib/Support;
			sourceTree = "<group>";
		};
		3D36E9E01478BF68001E5D30 /* UIKit */ = {
			isa = PBXGroup;
			children = (
				3D36E9E11478BF68001E5D30 /* TUIAccessibility.h */,
				3D36E9E21478BF68001E5D30 /* TUIAccessibility.m */,
				3D36E9E31478BF68001E5D30 /* TUIAccessibilityElement.h */,
				3D36E9E41478BF68001E5D30 /* TUIAccessibilityElement.m */,
				3D36E9E51478BF68001E5D30 /* TUIActivityIndicatorView.h */,
				3D36E9E61478BF68001E5D30 /* TUIActivityIndicatorView.m */,
				3D36E9E71478BF68001E5D30 /* TUIAttributedString.h */,
				3D36E9E81478BF68001E5D30 /* TUIAttributedString.m */,
				3D36E9E91478BF68001E5D30 /* TUIButton+Accessibility.h */,
				3D36E9EA1478BF68001E5D30 /* TUIButton+Accessibility.m */,
				3D36E9EB1478BF68001E5D30 /* TUIButton+Content.m */,
				3D36E9EC1478BF68001E5D30 /* TUIButton.h */,
				3D36E9ED1478BF68001E5D30 /* TUIButton.m */,
				3D36E9EE1478BF68001E5D30 /* TUICGAdditions.h */,
				3D36E9EF1478BF68001E5D30 /* TUICGAdditions.m */,
				3D36E9F01478BF68001E5D30 /* TUIColor.h */,
				3D36E9F11478BF68001E5D30 /* TUIColor.m */,
				3D36E9F21478BF68001E5D30 /* TUIControl+Accessibility.h */,
				3D36E9F31478BF68001E5D30 /* TUIControl+Accessibility.m */,
				3D36E9F41478BF68001E5D30 /* TUIControl+Private.h */,
				3D36E9F51478BF68001E5D30 /* TUIControl+Private.m */,
				3D36E9F61478BF68001E5D30 /* TUIControl+TargetAction.m */,
				3D36E9F71478BF68001E5D30 /* TUIControl.h */,
				3D36E9F81478BF68001E5D30 /* TUIControl.m */,
				3D36E9F91478BF68001E5D30 /* TUIFastIndexPath.h */,
				3D36E9FA1478BF68001E5D30 /* TUIFastIndexPath.m */,
				3D36E9FB1478BF68001E5D30 /* TUIFont.h */,
				3D36E9FC1478BF68001E5D30 /* TUIFont.m */,
				3D36E9FD1478BF68001E5D30 /* TUIGeometry.h */,
				3D36E9FE1478BF68001E5D30 /* TUIGeometry.m */,
				3D36E9FF1478BF68001E5D30 /* TUIImage+Drawing.h */,
				3D36EA001478BF68001E5D30 /* TUIImage+Drawing.m */,
				3D36EA011478BF68001E5D30 /* TUIImage.h */,
				3D36EA021478BF68001E5D30 /* TUIImage.m */,
				3D36EA031478BF68001E5D30 /* TUIImageView.h */,
				3D36EA041478BF68001E5D30 /* TUIImageView.m */,
				3D36EA051478BF68001E5D30 /* TUIKit.h */,
				3D36EA061478BF68001E5D30 /* TUIKit.m */,
				3D36EA071478BF68001E5D30 /* TUILabel.h */,
				3D36EA081478BF68001E5D30 /* TUILabel.m */,
				3D36EA091478BF68001E5D30 /* TUINSView+Accessibility.h */,
				3D36EA0A1478BF68001E5D30 /* TUINSView+Accessibility.m */,
				3D36EA0B1478BF68001E5D30 /* TUINSView+Hyperfocus.h */,
				3D36EA0C1478BF68001E5D30 /* TUINSView+Hyperfocus.m */,
				3D36EA0D1478BF68001E5D30 /* TUINSView+NSTextInputClient.m */,
				3D36EA0E1478BF68001E5D30 /* TUINSView.h */,
				3D36EA0F1478BF68001E5D30 /* TUINSView.m */,
				3D36EA101478BF68001E5D30 /* TUINSWindow.h */,
				3D36EA111478BF68001E5D30 /* TUINSWindow.m */,
				3D36EA121478BF68001E5D30 /* TUIResponder.h */,
				3D36EA131478BF68001E5D30 /* TUIResponder.m */,
				3D36EA141478BF68001E5D30 /* TUIScrollKnob.h */,
				3D36EA151478BF68001E5D30 /* TUIScrollKnob.m */,
				3D36EA161478BF68001E5D30 /* TUIScrollView.h */,
				3D36EA171478BF68001E5D30 /* TUIScrollView.m */,
				3D36EA181478BF68001E5D30 /* TUIStringDrawing.h */,
				3D36EA191478BF68001E5D30 /* TUIStringDrawing.m */,
				3D36EA1A1478BF68001E5D30 /* TUITableView+Additions.h */,
				3D36EA1B1478BF68001E5D30 /* TUITableView+Additions.m */,
				3D36EA1C1478BF68001E5D30 /* TUITableView+Cell.h */,
				3D36EA1D1478BF68001E5D30 /* TUITableView+Cell.m */,
				3D36EA1E1478BF68001E5D30 /* TUITableView+Derepeater.h */,
				3D36EA1F1478BF68001E5D30 /* TUITableView+Derepeater.m */,
				3D36EA201478BF68001E5D30 /* TUITableView.h */,
				3D36EA211478BF68001E5D30 /* TUITableView.m */,
				3D36EA221478BF68001E5D30 /* TUITableViewCell.h */,
				3D36EA231478BF68001E5D30 /* TUITableViewCell.m */,
				3D36EA241478BF68001E5D30 /* TUITableViewSectionHeader.h */,
				3D36EA251478BF68001E5D30 /* TUITableViewSectionHeader.m */,
				3D36EA261478BF68001E5D30 /* TUITextEditor.h */,
				3D36EA271478BF68001E5D30 /* TUITextEditor.m */,
				3D36EA281478BF68001E5D30 /* TUITextField.h */,
				3D36EA291478BF68001E5D30 /* TUITextField.m */,
				3D36EA2A1478BF68001E5D30 /* TUITextRenderer+Event.h */,
				3D36EA2B1478BF68001E5D30 /* TUITextRenderer+Event.m */,
				3D36EA2C1478BF68001E5D30 /* TUITextRenderer+KeyBindings.m */,
				3D36EA2D1478BF68001E5D30 /* TUITextRenderer.h */,
				3D36EA2E1478BF68001E5D30 /* TUITextRenderer.m */,
				3D36EA2F1478BF68001E5D30 /* TUITextView.h */,
				3D36EA301478BF68001E5D30 /* TUITextView.m */,
				3D36EA311478BF68001E5D30 /* TUITextViewEditor.h */,
				3D36EA321478BF68001E5D30 /* TUITextViewEditor.m */,
				3D36EA331478BF68001E5D30 /* TUITooltipWindow.h */,
				3D36EA341478BF68001E5D30 /* TUITooltipWindow.m */,
				3D36EA351478BF68001E5D30 /* TUIView+Accessibility.h */,
				3D36EA361478BF68001E5D30 /* TUIView+Accessibility.m */,
				3D36EA371478BF68001E5D30 /* TUIView+Animation.m */,
				3D36EA381478BF68001E5D30 /* TUIView+Event.h */,
				3D36EA391478BF68001E5D30 /* TUIView+Event.m */,
				3D36EA3A1478BF68001E5D30 /* TUIView+NSTextInputClient.h */,
				3D36EA3B1478BF68001E5D30 /* TUIView+NSTextInputClient.m */,
				3D36EA3C1478BF68001E5D30 /* TUIView+PasteboardDragging.h */,
				3D36EA3D1478BF68001E5D30 /* TUIView+PasteboardDragging.m */,
				3D36EA3E1478BF68001E5D30 /* TUIView+Private.h */,
				3D36EA3F1478BF68001E5D30 /* TUIView+Private.m */,
				3D36EA401478BF68001E5D30 /* TUIView.h */,
				3D36EA411478BF68001E5D30 /* TUIView.m */,
				3D36EA421478BF68001E5D30 /* TUIViewController.h */,
				3D36EA431478BF68001E5D30 /* TUIViewController.m */,
				3D36EA441478BF68001E5D30 /* TUIViewNSViewContainer.h */,
				3D36EA451478BF68001E5D30 /* TUIViewNSViewContainer.m */,
			);
			name = UIKit;
			path = ../twui/lib/UIKit;
			sourceTree = "<group>";
		};
		3D36EA7D1478BF6E001E5D30 /* TwUI */ = {
			isa = PBXGroup;
			children = (
				3D36E9DB1478BF68001E5D30 /* Support */,
				3D36E9E01478BF68001E5D30 /* UIKit */,
			);
			name = TwUI;
			sourceTree = "<group>";
		};
		3D90CD5213ED99E000B328CA /* Utility */ = {
			isa = PBXGroup;
			children = (
				3D90CD5313ED9A4100B328CA /* NSInvocation+ForwardedConstruction.h */,
				3D90CD5413ED9A4100B328CA /* NSInvocation+ForwardedConstruction.m */,
				3DF61C911479318100E63D4A /* NSData+Base64.h */,
				3DF61C921479318100E63D4A /* NSData+Base64.m */,
			);
			name = Utility;
			sourceTree = "<group>";
		};
		3DBDFFB113F713F4001985F2 /* Controllers */ = {
			isa = PBXGroup;
			children = (
				3DF61C9914798A2800E63D4A /* ServerController.h */,
				3DF61C9A14798A2800E63D4A /* ServerController.m */,
				3DF2360F1479118300D11716 /* Preferences */,
			);
			name = Controllers;
			sourceTree = "<group>";
		};
		3DF2360F1479118300D11716 /* Preferences */ = {
			isa = PBXGroup;
			children = (
				3DBDFFB313F71414001985F2 /* PreferencesController.h */,
				3DBDFFB413F71414001985F2 /* PreferencesController.m */,
				3DF61CA91479FC9200E63D4A /* PreferencesServersController.h */,
				3DF61CAA1479FC9200E63D4A /* PreferencesServersController.m */,
			);
			name = Preferences;
			sourceTree = "<group>";
		};
		3DF61C9C14798BF200E63D4A /* Network */ = {
			isa = PBXGroup;
			children = (
				3D288AC413C1894600F137BC /* IrcConnection.h */,
				3D288AC513C1894600F137BC /* IrcConnection.m */,
			);
			name = Network;
			sourceTree = "<group>";
		};
/* End PBXGroup section */

/* Begin PBXNativeTarget section */
		3D28899713C1653100F137BC /* erk */ = {
			isa = PBXNativeTarget;
			buildConfigurationList = 3D2889CA13C1653200F137BC /* Build configuration list for PBXNativeTarget "erk" */;
			buildPhases = (
				3D28899413C1653100F137BC /* Sources */,
				3D28899513C1653100F137BC /* Frameworks */,
				3D28899613C1653100F137BC /* Resources */,
			);
			buildRules = (
			);
			dependencies = (
			);
			name = erk;
			productName = erk;
			productReference = 3D28899813C1653100F137BC /* erk.app */;
			productType = "com.apple.product-type.application";
		};
		3D2889B813C1653100F137BC /* erkTests */ = {
			isa = PBXNativeTarget;
			buildConfigurationList = 3D2889CD13C1653200F137BC /* Build configuration list for PBXNativeTarget "erkTests" */;
			buildPhases = (
				3D2889B413C1653100F137BC /* Sources */,
				3D2889B513C1653100F137BC /* Frameworks */,
				3D2889B613C1653100F137BC /* Resources */,
				3D2889B713C1653100F137BC /* ShellScript */,
			);
			buildRules = (
			);
			dependencies = (
				3D2889BC13C1653100F137BC /* PBXTargetDependency */,
			);
			name = erkTests;
			productName = erkTests;
			productReference = 3D2889B913C1653100F137BC /* erkTests.octest */;
			productType = "com.apple.product-type.bundle";
		};
/* End PBXNativeTarget section */

/* Begin PBXProject section */
		3D28898F13C1653100F137BC /* Project object */ = {
			isa = PBXProject;
			attributes = {
				LastUpgradeCheck = 0420;
				ORGANIZATIONNAME = "Allergic Studios";
			};
			buildConfigurationList = 3D28899213C1653100F137BC /* Build configuration list for PBXProject "erk" */;
			compatibilityVersion = "Xcode 3.2";
			developmentRegion = English;
			hasScannedForEncodings = 0;
			knownRegions = (
				en,
			);
			mainGroup = 3D28898D13C1653100F137BC;
			productRefGroup = 3D28899913C1653100F137BC /* Products */;
			projectDirPath = "";
			projectRoot = "";
			targets = (
				3D28899713C1653100F137BC /* erk */,
				3D2889B813C1653100F137BC /* erkTests */,
			);
		};
/* End PBXProject section */

/* Begin PBXResourcesBuildPhase section */
		3D28899613C1653100F137BC /* Resources */ = {
			isa = PBXResourcesBuildPhase;
			buildActionMask = 2147483647;
			files = (
				3D2889A713C1653100F137BC /* InfoPlist.strings in Resources */,
				3D2889AD13C1653100F137BC /* Credits.rtf in Resources */,
				3D2889B313C1653100F137BC /* MainMenu.xib in Resources */,
				3D12D16A13F7A4BD005C192A /* Preferences.xib in Resources */,
			);
			runOnlyForDeploymentPostprocessing = 0;
		};
		3D2889B613C1653100F137BC /* Resources */ = {
			isa = PBXResourcesBuildPhase;
			buildActionMask = 2147483647;
			files = (
				3D2889C213C1653200F137BC /* InfoPlist.strings in Resources */,
				3D2889C513C1653200F137BC /* erkTests.h in Resources */,
			);
			runOnlyForDeploymentPostprocessing = 0;
		};
/* End PBXResourcesBuildPhase section */

/* Begin PBXShellScriptBuildPhase section */
		3D2889B713C1653100F137BC /* ShellScript */ = {
			isa = PBXShellScriptBuildPhase;
			buildActionMask = 2147483647;
			files = (
			);
			inputPaths = (
			);
			outputPaths = (
			);
			runOnlyForDeploymentPostprocessing = 0;
			shellPath = /bin/sh;
			shellScript = "# Run the unit tests in this test bundle.\n\"${SYSTEM_DEVELOPER_DIR}/Tools/RunUnitTests\"\n";
		};
/* End PBXShellScriptBuildPhase section */

/* Begin PBXSourcesBuildPhase section */
		3D28899413C1653100F137BC /* Sources */ = {
			isa = PBXSourcesBuildPhase;
			buildActionMask = 2147483647;
			files = (
				3D2889AA13C1653100F137BC /* main.m in Sources */,
				3D2889B013C1653100F137BC /* erkAppDelegate.m in Sources */,
				3D288A7B13C166BD00F137BC /* MainView.m in Sources */,
				3D288A7D13C166BD00F137BC /* MainTableViewCell.m in Sources */,
				3D288AA413C16F7B00F137BC /* ChannelList.m in Sources */,
				3D288AA813C1738400F137BC /* UserList.m in Sources */,
				3D288ABD13C17BC900F137BC /* MessageList.m in Sources */,
				3D288AC613C1894700F137BC /* IrcConnection.m in Sources */,
				3D288AE813C198BD00F137BC /* Message.m in Sources */,
				3D288AFD13C22FB100F137BC /* MessageToolbar.m in Sources */,
				9826AB3F13D651640021B950 /* erkDataModel.xcdatamodeld in Sources */,
				3D90CD5513ED9A4100B328CA /* NSInvocation+ForwardedConstruction.m in Sources */,
				3DBDFFB513F71414001985F2 /* PreferencesController.m in Sources */,
				3D12D16F13F85AF2005C192A /* Server.m in Sources */,
				3D36EA461478BF68001E5D30 /* ABActiveRange.m in Sources */,
				3D36EA471478BF68001E5D30 /* CoreText+Additions.m in Sources */,
				3D36EA481478BF68001E5D30 /* TUIAccessibility.m in Sources */,
				3D36EA491478BF68001E5D30 /* TUIAccessibilityElement.m in Sources */,
				3D36EA4A1478BF68001E5D30 /* TUIActivityIndicatorView.m in Sources */,
				3D36EA4B1478BF68001E5D30 /* TUIAttributedString.m in Sources */,
				3D36EA4C1478BF68001E5D30 /* TUIButton+Accessibility.m in Sources */,
				3D36EA4D1478BF68001E5D30 /* TUIButton+Content.m in Sources */,
				3D36EA4E1478BF68001E5D30 /* TUIButton.m in Sources */,
				3D36EA4F1478BF68001E5D30 /* TUICGAdditions.m in Sources */,
				3D36EA501478BF68001E5D30 /* TUIColor.m in Sources */,
				3D36EA511478BF68001E5D30 /* TUIControl+Accessibility.m in Sources */,
				3D36EA521478BF68001E5D30 /* TUIControl+Private.m in Sources */,
				3D36EA531478BF68001E5D30 /* TUIControl+TargetAction.m in Sources */,
				3D36EA541478BF68001E5D30 /* TUIControl.m in Sources */,
				3D36EA551478BF68001E5D30 /* TUIFastIndexPath.m in Sources */,
				3D36EA561478BF68001E5D30 /* TUIFont.m in Sources */,
				3D36EA571478BF68001E5D30 /* TUIGeometry.m in Sources */,
				3D36EA581478BF68001E5D30 /* TUIImage+Drawing.m in Sources */,
				3D36EA591478BF68001E5D30 /* TUIImage.m in Sources */,
				3D36EA5A1478BF68001E5D30 /* TUIImageView.m in Sources */,
				3D36EA5B1478BF68001E5D30 /* TUIKit.m in Sources */,
				3D36EA5C1478BF68001E5D30 /* TUILabel.m in Sources */,
				3D36EA5D1478BF68001E5D30 /* TUINSView+Accessibility.m in Sources */,
				3D36EA5E1478BF68001E5D30 /* TUINSView+Hyperfocus.m in Sources */,
				3D36EA5F1478BF68001E5D30 /* TUINSView+NSTextInputClient.m in Sources */,
				3D36EA601478BF68001E5D30 /* TUINSView.m in Sources */,
				3D36EA611478BF68001E5D30 /* TUINSWindow.m in Sources */,
				3D36EA621478BF68001E5D30 /* TUIResponder.m in Sources */,
				3D36EA631478BF68001E5D30 /* TUIScrollKnob.m in Sources */,
				3D36EA641478BF68001E5D30 /* TUIScrollView.m in Sources */,
				3D36EA651478BF68001E5D30 /* TUIStringDrawing.m in Sources */,
				3D36EA661478BF68001E5D30 /* TUITableView+Additions.m in Sources */,
				3D36EA671478BF68001E5D30 /* TUITableView+Cell.m in Sources */,
				3D36EA681478BF68001E5D30 /* TUITableView+Derepeater.m in Sources */,
				3D36EA691478BF68001E5D30 /* TUITableView.m in Sources */,
				3D36EA6A1478BF68001E5D30 /* TUITableViewCell.m in Sources */,
				3D36EA6B1478BF68001E5D30 /* TUITableViewSectionHeader.m in Sources */,
				3D36EA6C1478BF68001E5D30 /* TUITextEditor.m in Sources */,
				3D36EA6D1478BF68001E5D30 /* TUITextField.m in Sources */,
				3D36EA6E1478BF68001E5D30 /* TUITextRenderer+Event.m in Sources */,
				3D36EA6F1478BF68001E5D30 /* TUITextRenderer+KeyBindings.m in Sources */,
				3D36EA701478BF68001E5D30 /* TUITextRenderer.m in Sources */,
				3D36EA711478BF68001E5D30 /* TUITextView.m in Sources */,
				3D36EA721478BF68001E5D30 /* TUITextViewEditor.m in Sources */,
				3D36EA731478BF68001E5D30 /* TUITooltipWindow.m in Sources */,
				3D36EA741478BF68001E5D30 /* TUIView+Accessibility.m in Sources */,
				3D36EA751478BF68001E5D30 /* TUIView+Animation.m in Sources */,
				3D36EA761478BF68001E5D30 /* TUIView+Event.m in Sources */,
				3D36EA771478BF68001E5D30 /* TUIView+NSTextInputClient.m in Sources */,
				3D36EA781478BF68001E5D30 /* TUIView+PasteboardDragging.m in Sources */,
				3D36EA791478BF68001E5D30 /* TUIView+Private.m in Sources */,
				3D36EA7A1478BF68001E5D30 /* TUIView.m in Sources */,
				3D36EA7B1478BF68001E5D30 /* TUIViewController.m in Sources */,
				3D36EA7C1478BF68001E5D30 /* TUIViewNSViewContainer.m in Sources */,
				3D0F55211478C39900B9D36D /* GCDAsyncSocket.m in Sources */,
				3D0F552D1478C3A200B9D36D /* DDAbstractDatabaseLogger.m in Sources */,
				3D0F552E1478C3A200B9D36D /* DDASLLogger.m in Sources */,
				3D0F552F1478C3A200B9D36D /* DDFileLogger.m in Sources */,
				3D0F55301478C3A200B9D36D /* DDLog.m in Sources */,
				3D0F55311478C3A200B9D36D /* DDTTYLogger.m in Sources */,
				3DF2360A1479012100D11716 /* Channel.m in Sources */,
				3DF2360E1479086200D11716 /* AlertWord.m in Sources */,
				3DF61C931479318100E63D4A /* NSData+Base64.m in Sources */,
				3DF61C9B14798A2800E63D4A /* ServerController.m in Sources */,
				3DF61CAB1479FC9200E63D4A /* PreferencesServersController.m in Sources */,
				3DF61CAF147A1C7900E63D4A /* User.m in Sources */,
			);
			runOnlyForDeploymentPostprocessing = 0;
		};
		3D2889B413C1653100F137BC /* Sources */ = {
			isa = PBXSourcesBuildPhase;
			buildActionMask = 2147483647;
			files = (
				3D2889C713C1653200F137BC /* erkTests.m in Sources */,
			);
			runOnlyForDeploymentPostprocessing = 0;
		};
/* End PBXSourcesBuildPhase section */

/* Begin PBXTargetDependency section */
		3D2889BC13C1653100F137BC /* PBXTargetDependency */ = {
			isa = PBXTargetDependency;
			target = 3D28899713C1653100F137BC /* erk */;
			targetProxy = 3D2889BB13C1653100F137BC /* PBXContainerItemProxy */;
		};
/* End PBXTargetDependency section */

/* Begin PBXVariantGroup section */
		3D2889A513C1653100F137BC /* InfoPlist.strings */ = {
			isa = PBXVariantGroup;
			children = (
				3D2889A613C1653100F137BC /* en */,
			);
			name = InfoPlist.strings;
			sourceTree = "<group>";
		};
		3D2889AB13C1653100F137BC /* Credits.rtf */ = {
			isa = PBXVariantGroup;
			children = (
				3D2889AC13C1653100F137BC /* en */,
			);
			name = Credits.rtf;
			sourceTree = "<group>";
		};
		3D2889B113C1653100F137BC /* MainMenu.xib */ = {
			isa = PBXVariantGroup;
			children = (
				3D2889B213C1653100F137BC /* en */,
			);
			name = MainMenu.xib;
			sourceTree = "<group>";
		};
		3D2889C013C1653200F137BC /* InfoPlist.strings */ = {
			isa = PBXVariantGroup;
			children = (
				3D2889C113C1653200F137BC /* en */,
			);
			name = InfoPlist.strings;
			sourceTree = "<group>";
		};
/* End PBXVariantGroup section */

/* Begin XCBuildConfiguration section */
		3D2889C813C1653200F137BC /* Debug */ = {
			isa = XCBuildConfiguration;
			buildSettings = {
				ARCHS = "$(ARCHS_STANDARD_32_64_BIT)";
				GCC_C_LANGUAGE_STANDARD = gnu99;
				GCC_OPTIMIZATION_LEVEL = 0;
				GCC_PREPROCESSOR_DEFINITIONS = DEBUG;
				GCC_SYMBOLS_PRIVATE_EXTERN = NO;
				GCC_VERSION = com.apple.compilers.llvm.clang.1_0;
				GCC_WARN_64_TO_32_BIT_CONVERSION = YES;
				GCC_WARN_ABOUT_RETURN_TYPE = YES;
				GCC_WARN_UNUSED_VARIABLE = YES;
				MACOSX_DEPLOYMENT_TARGET = 10.6;
				ONLY_ACTIVE_ARCH = YES;
				SDKROOT = macosx;
			};
			name = Debug;
		};
		3D2889C913C1653200F137BC /* Release */ = {
			isa = XCBuildConfiguration;
			buildSettings = {
				ARCHS = "$(ARCHS_STANDARD_32_64_BIT)";
				GCC_C_LANGUAGE_STANDARD = gnu99;
				GCC_VERSION = com.apple.compilers.llvm.clang.1_0;
				GCC_WARN_64_TO_32_BIT_CONVERSION = YES;
				GCC_WARN_ABOUT_RETURN_TYPE = YES;
				GCC_WARN_UNUSED_VARIABLE = YES;
				MACOSX_DEPLOYMENT_TARGET = 10.6;
				SDKROOT = macosx;
			};
			name = Release;
		};
		3D2889CB13C1653200F137BC /* Debug */ = {
			isa = XCBuildConfiguration;
			buildSettings = {
				ALWAYS_SEARCH_USER_PATHS = NO;
				COPY_PHASE_STRIP = NO;
				GCC_DYNAMIC_NO_PIC = NO;
				GCC_ENABLE_OBJC_EXCEPTIONS = YES;
				GCC_PRECOMPILE_PREFIX_HEADER = YES;
				GCC_PREFIX_HEADER = "erk/erk-Prefix.pch";
				"GCC_PREPROCESSOR_DEFINITIONS[arch=*]" = NS_BUILD_32_LIKE_64;
				INFOPLIST_FILE = "erk/erk-Info.plist";
				PRODUCT_NAME = "$(TARGET_NAME)";
				WRAPPER_EXTENSION = app;
			};
			name = Debug;
		};
		3D2889CC13C1653200F137BC /* Release */ = {
			isa = XCBuildConfiguration;
			buildSettings = {
				ALWAYS_SEARCH_USER_PATHS = NO;
				COPY_PHASE_STRIP = YES;
				DEBUG_INFORMATION_FORMAT = "dwarf-with-dsym";
				GCC_ENABLE_OBJC_EXCEPTIONS = YES;
				GCC_PRECOMPILE_PREFIX_HEADER = YES;
				GCC_PREFIX_HEADER = "erk/erk-Prefix.pch";
				"GCC_PREPROCESSOR_DEFINITIONS[arch=*]" = NS_BUILD_32_LIKE_64;
				INFOPLIST_FILE = "erk/erk-Info.plist";
				PRODUCT_NAME = "$(TARGET_NAME)";
				WRAPPER_EXTENSION = app;
			};
			name = Release;
		};
		3D2889CE13C1653200F137BC /* Debug */ = {
			isa = XCBuildConfiguration;
			buildSettings = {
				ALWAYS_SEARCH_USER_PATHS = NO;
				BUNDLE_LOADER = "$(BUILT_PRODUCTS_DIR)/erk.app/Contents/MacOS/erk";
				COPY_PHASE_STRIP = NO;
				FRAMEWORK_SEARCH_PATHS = "$(DEVELOPER_LIBRARY_DIR)/Frameworks";
				GCC_DYNAMIC_NO_PIC = NO;
				GCC_ENABLE_OBJC_EXCEPTIONS = YES;
				GCC_PRECOMPILE_PREFIX_HEADER = YES;
				GCC_PREFIX_HEADER = "erkTests/erkTests-Prefix.pch";
				INFOPLIST_FILE = "erkTests/erkTests-Info.plist";
				OTHER_LDFLAGS = (
					"-framework",
					SenTestingKit,
				);
				PRODUCT_NAME = "$(TARGET_NAME)";
				TEST_HOST = "$(BUNDLE_LOADER)";
				WRAPPER_EXTENSION = octest;
			};
			name = Debug;
		};
		3D2889CF13C1653200F137BC /* Release */ = {
			isa = XCBuildConfiguration;
			buildSettings = {
				ALWAYS_SEARCH_USER_PATHS = NO;
				BUNDLE_LOADER = "$(BUILT_PRODUCTS_DIR)/erk.app/Contents/MacOS/erk";
				COPY_PHASE_STRIP = YES;
				DEBUG_INFORMATION_FORMAT = "dwarf-with-dsym";
				FRAMEWORK_SEARCH_PATHS = "$(DEVELOPER_LIBRARY_DIR)/Frameworks";
				GCC_ENABLE_OBJC_EXCEPTIONS = YES;
				GCC_PRECOMPILE_PREFIX_HEADER = YES;
				GCC_PREFIX_HEADER = "erkTests/erkTests-Prefix.pch";
				INFOPLIST_FILE = "erkTests/erkTests-Info.plist";
				OTHER_LDFLAGS = (
					"-framework",
					SenTestingKit,
				);
				PRODUCT_NAME = "$(TARGET_NAME)";
				TEST_HOST = "$(BUNDLE_LOADER)";
				WRAPPER_EXTENSION = octest;
			};
			name = Release;
		};
/* End XCBuildConfiguration section */

/* Begin XCConfigurationList section */
		3D28899213C1653100F137BC /* Build configuration list for PBXProject "erk" */ = {
			isa = XCConfigurationList;
			buildConfigurations = (
				3D2889C813C1653200F137BC /* Debug */,
				3D2889C913C1653200F137BC /* Release */,
			);
			defaultConfigurationIsVisible = 0;
			defaultConfigurationName = Release;
		};
		3D2889CA13C1653200F137BC /* Build configuration list for PBXNativeTarget "erk" */ = {
			isa = XCConfigurationList;
			buildConfigurations = (
				3D2889CB13C1653200F137BC /* Debug */,
				3D2889CC13C1653200F137BC /* Release */,
			);
			defaultConfigurationIsVisible = 0;
			defaultConfigurationName = Release;
		};
		3D2889CD13C1653200F137BC /* Build configuration list for PBXNativeTarget "erkTests" */ = {
			isa = XCConfigurationList;
			buildConfigurations = (
				3D2889CE13C1653200F137BC /* Debug */,
				3D2889CF13C1653200F137BC /* Release */,
			);
			defaultConfigurationIsVisible = 0;
			defaultConfigurationName = Release;
		};
/* End XCConfigurationList section */

/* Begin XCVersionGroup section */
		9826AB3D13D651640021B950 /* erkDataModel.xcdatamodeld */ = {
			isa = XCVersionGroup;
			children = (
				3DF61CA41479F0AC00E63D4A /* erkDataModel 1.3.xcdatamodel */,
				3D5A3A1B1478E48000FEDDDA /* erkDataModel 1.1.xcdatamodel */,
				3DF61C94147934BB00E63D4A /* erkDataModel 1.2.xcdatamodel */,
				9826AB3E13D651640021B950 /* erkDataModel.xcdatamodel */,
			);
			currentVersion = 3DF61CA41479F0AC00E63D4A /* erkDataModel 1.3.xcdatamodel */;
			path = erkDataModel.xcdatamodeld;
			sourceTree = "<group>";
			versionGroupType = wrapper.xcdatamodel;
		};
/* End XCVersionGroup section */
	};
	rootObject = 3D28898F13C1653100F137BC /* Project object */;
}
